// !$*UTF8*$!
{
	archiveVersion = 1;
	classes = {
	};
	objectVersion = 51;
	objects = {

/* Begin PBXBuildFile section */
		0965360E60C9950A2EF0FC27 /* ListDrinksPresenter.swift in Sources */ = {isa = PBXBuildFile; fileRef = F85FEB08BFE306EEBFDE05DE /* ListDrinksPresenter.swift */; };
		213EBEFC6996A961A929C7D7 /* ListDrinksConfigurator.swift in Sources */ = {isa = PBXBuildFile; fileRef = 501FF0F349EEED13199A3CAE /* ListDrinksConfigurator.swift */; };
		25319C6108C4169255C6C4C8 /* ListDrinksModuleInput.swift in Sources */ = {isa = PBXBuildFile; fileRef = 84A95BCA458AEFF4AA8E1E12 /* ListDrinksModuleInput.swift */; };
		2E748F4EF27C5307DD14140F /* ListDrinksInteractorInput.swift in Sources */ = {isa = PBXBuildFile; fileRef = 7DAB269F8F95F4ABA5AB8383 /* ListDrinksInteractorInput.swift */; };
		30C67117E7770AD513D65A8A /* ListDrinksInteractor.swift in Sources */ = {isa = PBXBuildFile; fileRef = DC6B504532C6B79718DFA121 /* ListDrinksInteractor.swift */; };
		4A561AB6BC286ECAE00A09D9 /* ListDrinksInteractorOutput.swift in Sources */ = {isa = PBXBuildFile; fileRef = 6067ECD3FBCC0EC08653E448 /* ListDrinksInteractorOutput.swift */; };
		7FD201E4EA2D01E28B92EFB3 /* Pods_CleanBuddyCoffee.framework in Frameworks */ = {isa = PBXBuildFile; fileRef = D44985D331732E997F26520B /* Pods_CleanBuddyCoffee.framework */; };
		825E2DB3F149C4480C218A6C /* ListDrinksRouterInput.swift in Sources */ = {isa = PBXBuildFile; fileRef = 3F423B24F9C6223F099EA1E7 /* ListDrinksRouterInput.swift */; };
		9490DD17230566A7006A03E8 /* AppDelegate.swift in Sources */ = {isa = PBXBuildFile; fileRef = 9490DD16230566A7006A03E8 /* AppDelegate.swift */; };
		9490DD1E230566A8006A03E8 /* Assets.xcassets in Resources */ = {isa = PBXBuildFile; fileRef = 9490DD1D230566A8006A03E8 /* Assets.xcassets */; };
		9490DD21230566A8006A03E8 /* LaunchScreen.storyboard in Resources */ = {isa = PBXBuildFile; fileRef = 9490DD1F230566A8006A03E8 /* LaunchScreen.storyboard */; };
		9490DD29230567D2006A03E8 /* GoogleService-Info.plist in Resources */ = {isa = PBXBuildFile; fileRef = 9490DD28230567D2006A03E8 /* GoogleService-Info.plist */; };
		9490DD3D23056F4C006A03E8 /* ListDrinksModuleInput.swift in Sources */ = {isa = PBXBuildFile; fileRef = 9490DD2D23056F4C006A03E8 /* ListDrinksModuleInput.swift */; };
		9490DD3E23056F4C006A03E8 /* ListDrinksPresenter.swift in Sources */ = {isa = PBXBuildFile; fileRef = 9490DD2E23056F4C006A03E8 /* ListDrinksPresenter.swift */; };
		9490DD3F23056F4C006A03E8 /* ListDrinksViewOutput.swift in Sources */ = {isa = PBXBuildFile; fileRef = 9490DD3023056F4C006A03E8 /* ListDrinksViewOutput.swift */; };
		9490DD4023056F4C006A03E8 /* ListDrinksViewInput.swift in Sources */ = {isa = PBXBuildFile; fileRef = 9490DD3123056F4C006A03E8 /* ListDrinksViewInput.swift */; };
		9490DD4123056F4C006A03E8 /* ListDrinksViewController.swift in Sources */ = {isa = PBXBuildFile; fileRef = 9490DD3223056F4C006A03E8 /* ListDrinksViewController.swift */; };
		9490DD4223056F4C006A03E8 /* ListDrinksConfigurator.swift in Sources */ = {isa = PBXBuildFile; fileRef = 9490DD3423056F4C006A03E8 /* ListDrinksConfigurator.swift */; };
		9490DD4323056F4C006A03E8 /* ListDrinksInitializer.swift in Sources */ = {isa = PBXBuildFile; fileRef = 9490DD3523056F4C006A03E8 /* ListDrinksInitializer.swift */; };
		9490DD4423056F4C006A03E8 /* ListDrinksInteractorInput.swift in Sources */ = {isa = PBXBuildFile; fileRef = 9490DD3723056F4C006A03E8 /* ListDrinksInteractorInput.swift */; };
		9490DD4523056F4C006A03E8 /* ListDrinksInteractorOutput.swift in Sources */ = {isa = PBXBuildFile; fileRef = 9490DD3823056F4C006A03E8 /* ListDrinksInteractorOutput.swift */; };
		9490DD4623056F4C006A03E8 /* ListDrinksInteractor.swift in Sources */ = {isa = PBXBuildFile; fileRef = 9490DD3923056F4C006A03E8 /* ListDrinksInteractor.swift */; };
		9490DD4723056F4C006A03E8 /* ListDrinksRouterInput.swift in Sources */ = {isa = PBXBuildFile; fileRef = 9490DD3B23056F4C006A03E8 /* ListDrinksRouterInput.swift */; };
		9490DD4823056F4C006A03E8 /* ListDrinksRouter.swift in Sources */ = {isa = PBXBuildFile; fileRef = 9490DD3C23056F4C006A03E8 /* ListDrinksRouter.swift */; };
		9490DD4B23057095006A03E8 /* AppStoryboard.swift in Sources */ = {isa = PBXBuildFile; fileRef = 9490DD4A23057094006A03E8 /* AppStoryboard.swift */; };
		9490DD52230570B9006A03E8 /* MainBuilder.swift in Sources */ = {isa = PBXBuildFile; fileRef = 9490DD4D230570B9006A03E8 /* MainBuilder.swift */; };
		9490DD53230570B9006A03E8 /* MainViewController.swift in Sources */ = {isa = PBXBuildFile; fileRef = 9490DD4E230570B9006A03E8 /* MainViewController.swift */; };
		9490DD54230570B9006A03E8 /* Main.storyboard in Resources */ = {isa = PBXBuildFile; fileRef = 9490DD4F230570B9006A03E8 /* Main.storyboard */; };
		9490DD57230572E6006A03E8 /* ListDrinks.storyboard in Resources */ = {isa = PBXBuildFile; fileRef = 9490DD56230572E6006A03E8 /* ListDrinks.storyboard */; };
		9490DD5923057411006A03E8 /* ListDrinksModel.swift in Sources */ = {isa = PBXBuildFile; fileRef = 9490DD5823057411006A03E8 /* ListDrinksModel.swift */; };
		9490DD5F230575EB006A03E8 /* DrinkService.swift in Sources */ = {isa = PBXBuildFile; fileRef = 9490DD5E230575EB006A03E8 /* DrinkService.swift */; };
		9490DD6723057636006A03E8 /* Drink.swift in Sources */ = {isa = PBXBuildFile; fileRef = 9490DD6323057636006A03E8 /* Drink.swift */; };
		9A082F389898B507BED00E7F /* ListDrinksInitializer.swift in Sources */ = {isa = PBXBuildFile; fileRef = 3B28A81B1C3B6BB83F1862E1 /* ListDrinksInitializer.swift */; };
		AF6210997D07DEC17C505B13 /* ListDrinksRouter.swift in Sources */ = {isa = PBXBuildFile; fileRef = 88B4AEF33A97F08F38E0BB8E /* ListDrinksRouter.swift */; };
		B08A78D1A176741979408F88 /* ListDrinksViewController.swift in Sources */ = {isa = PBXBuildFile; fileRef = AF48B74289E2DEF8872D74F0 /* ListDrinksViewController.swift */; };
		D79147E4DBD6B342FA66031B /* ListDrinksViewOutput.swift in Sources */ = {isa = PBXBuildFile; fileRef = 8AC748A7A2A02A4BECE495B6 /* ListDrinksViewOutput.swift */; };
		F45C9788D2CCCB3AF825CC53 /* ListDrinksViewInput.swift in Sources */ = {isa = PBXBuildFile; fileRef = 48FDAB6B371DA85B72196219 /* ListDrinksViewInput.swift */; };
/* End PBXBuildFile section */

/* Begin PBXFileReference section */
		0A1A68DE6F5C05FEDB57D5C8 /* Pods-CleanBuddyCoffee.debug.xcconfig */ = {isa = PBXFileReference; includeInIndex = 1; lastKnownFileType = text.xcconfig; name = "Pods-CleanBuddyCoffee.debug.xcconfig"; path = "Target Support Files/Pods-CleanBuddyCoffee/Pods-CleanBuddyCoffee.debug.xcconfig"; sourceTree = "<group>"; };
		3B28A81B1C3B6BB83F1862E1 /* ListDrinksInitializer.swift */ = {isa = PBXFileReference; includeInIndex = 1; lastKnownFileType = sourcecode.swift; path = ListDrinksInitializer.swift; sourceTree = "<group>"; };
		3F423B24F9C6223F099EA1E7 /* ListDrinksRouterInput.swift */ = {isa = PBXFileReference; includeInIndex = 1; lastKnownFileType = sourcecode.swift; path = ListDrinksRouterInput.swift; sourceTree = "<group>"; };
		48FDAB6B371DA85B72196219 /* ListDrinksViewInput.swift */ = {isa = PBXFileReference; includeInIndex = 1; lastKnownFileType = sourcecode.swift; path = ListDrinksViewInput.swift; sourceTree = "<group>"; };
		501FF0F349EEED13199A3CAE /* ListDrinksConfigurator.swift */ = {isa = PBXFileReference; includeInIndex = 1; lastKnownFileType = sourcecode.swift; path = ListDrinksConfigurator.swift; sourceTree = "<group>"; };
		6067ECD3FBCC0EC08653E448 /* ListDrinksInteractorOutput.swift */ = {isa = PBXFileReference; includeInIndex = 1; lastKnownFileType = sourcecode.swift; path = ListDrinksInteractorOutput.swift; sourceTree = "<group>"; };
		68639226B61F5F192142EB2E /* Pods-CleanBuddyCoffee.release.xcconfig */ = {isa = PBXFileReference; includeInIndex = 1; lastKnownFileType = text.xcconfig; name = "Pods-CleanBuddyCoffee.release.xcconfig"; path = "Target Support Files/Pods-CleanBuddyCoffee/Pods-CleanBuddyCoffee.release.xcconfig"; sourceTree = "<group>"; };
		7DAB269F8F95F4ABA5AB8383 /* ListDrinksInteractorInput.swift */ = {isa = PBXFileReference; includeInIndex = 1; lastKnownFileType = sourcecode.swift; path = ListDrinksInteractorInput.swift; sourceTree = "<group>"; };
		84A95BCA458AEFF4AA8E1E12 /* ListDrinksModuleInput.swift */ = {isa = PBXFileReference; includeInIndex = 1; lastKnownFileType = sourcecode.swift; path = ListDrinksModuleInput.swift; sourceTree = "<group>"; };
		88B4AEF33A97F08F38E0BB8E /* ListDrinksRouter.swift */ = {isa = PBXFileReference; includeInIndex = 1; lastKnownFileType = sourcecode.swift; path = ListDrinksRouter.swift; sourceTree = "<group>"; };
		8AC748A7A2A02A4BECE495B6 /* ListDrinksViewOutput.swift */ = {isa = PBXFileReference; includeInIndex = 1; lastKnownFileType = sourcecode.swift; path = ListDrinksViewOutput.swift; sourceTree = "<group>"; };
		9490DD13230566A7006A03E8 /* CleanBuddyCoffee.app */ = {isa = PBXFileReference; explicitFileType = wrapper.application; includeInIndex = 0; path = CleanBuddyCoffee.app; sourceTree = BUILT_PRODUCTS_DIR; };
		9490DD16230566A7006A03E8 /* AppDelegate.swift */ = {isa = PBXFileReference; lastKnownFileType = sourcecode.swift; path = AppDelegate.swift; sourceTree = "<group>"; };
		9490DD1D230566A8006A03E8 /* Assets.xcassets */ = {isa = PBXFileReference; lastKnownFileType = folder.assetcatalog; path = Assets.xcassets; sourceTree = "<group>"; };
		9490DD20230566A8006A03E8 /* Base */ = {isa = PBXFileReference; lastKnownFileType = file.storyboard; name = Base; path = Base.lproj/LaunchScreen.storyboard; sourceTree = "<group>"; };
		9490DD22230566A8006A03E8 /* Info.plist */ = {isa = PBXFileReference; lastKnownFileType = text.plist.xml; path = Info.plist; sourceTree = "<group>"; };
		9490DD28230567D2006A03E8 /* GoogleService-Info.plist */ = {isa = PBXFileReference; fileEncoding = 4; lastKnownFileType = text.plist.xml; path = "GoogleService-Info.plist"; sourceTree = "<group>"; };
		9490DD2D23056F4C006A03E8 /* ListDrinksModuleInput.swift */ = {isa = PBXFileReference; fileEncoding = 4; lastKnownFileType = sourcecode.swift; path = ListDrinksModuleInput.swift; sourceTree = "<group>"; };
		9490DD2E23056F4C006A03E8 /* ListDrinksPresenter.swift */ = {isa = PBXFileReference; fileEncoding = 4; lastKnownFileType = sourcecode.swift; path = ListDrinksPresenter.swift; sourceTree = "<group>"; };
		9490DD3023056F4C006A03E8 /* ListDrinksViewOutput.swift */ = {isa = PBXFileReference; fileEncoding = 4; lastKnownFileType = sourcecode.swift; path = ListDrinksViewOutput.swift; sourceTree = "<group>"; };
		9490DD3123056F4C006A03E8 /* ListDrinksViewInput.swift */ = {isa = PBXFileReference; fileEncoding = 4; lastKnownFileType = sourcecode.swift; path = ListDrinksViewInput.swift; sourceTree = "<group>"; };
		9490DD3223056F4C006A03E8 /* ListDrinksViewController.swift */ = {isa = PBXFileReference; fileEncoding = 4; lastKnownFileType = sourcecode.swift; path = ListDrinksViewController.swift; sourceTree = "<group>"; };
		9490DD3423056F4C006A03E8 /* ListDrinksConfigurator.swift */ = {isa = PBXFileReference; fileEncoding = 4; lastKnownFileType = sourcecode.swift; path = ListDrinksConfigurator.swift; sourceTree = "<group>"; };
		9490DD3523056F4C006A03E8 /* ListDrinksInitializer.swift */ = {isa = PBXFileReference; fileEncoding = 4; lastKnownFileType = sourcecode.swift; path = ListDrinksInitializer.swift; sourceTree = "<group>"; };
		9490DD3723056F4C006A03E8 /* ListDrinksInteractorInput.swift */ = {isa = PBXFileReference; fileEncoding = 4; lastKnownFileType = sourcecode.swift; path = ListDrinksInteractorInput.swift; sourceTree = "<group>"; };
		9490DD3823056F4C006A03E8 /* ListDrinksInteractorOutput.swift */ = {isa = PBXFileReference; fileEncoding = 4; lastKnownFileType = sourcecode.swift; path = ListDrinksInteractorOutput.swift; sourceTree = "<group>"; };
		9490DD3923056F4C006A03E8 /* ListDrinksInteractor.swift */ = {isa = PBXFileReference; fileEncoding = 4; lastKnownFileType = sourcecode.swift; path = ListDrinksInteractor.swift; sourceTree = "<group>"; };
		9490DD3B23056F4C006A03E8 /* ListDrinksRouterInput.swift */ = {isa = PBXFileReference; fileEncoding = 4; lastKnownFileType = sourcecode.swift; path = ListDrinksRouterInput.swift; sourceTree = "<group>"; };
		9490DD3C23056F4C006A03E8 /* ListDrinksRouter.swift */ = {isa = PBXFileReference; fileEncoding = 4; lastKnownFileType = sourcecode.swift; path = ListDrinksRouter.swift; sourceTree = "<group>"; };
		9490DD4A23057094006A03E8 /* AppStoryboard.swift */ = {isa = PBXFileReference; fileEncoding = 4; lastKnownFileType = sourcecode.swift; path = AppStoryboard.swift; sourceTree = "<group>"; };
		9490DD4D230570B9006A03E8 /* MainBuilder.swift */ = {isa = PBXFileReference; fileEncoding = 4; lastKnownFileType = sourcecode.swift; path = MainBuilder.swift; sourceTree = "<group>"; };
		9490DD4E230570B9006A03E8 /* MainViewController.swift */ = {isa = PBXFileReference; fileEncoding = 4; lastKnownFileType = sourcecode.swift; path = MainViewController.swift; sourceTree = "<group>"; };
		9490DD50230570B9006A03E8 /* Base */ = {isa = PBXFileReference; lastKnownFileType = file.storyboard; name = Base; path = Base.lproj/Main.storyboard; sourceTree = "<group>"; };
		9490DD56230572E6006A03E8 /* ListDrinks.storyboard */ = {isa = PBXFileReference; lastKnownFileType = file.storyboard; path = ListDrinks.storyboard; sourceTree = "<group>"; };
		9490DD5823057411006A03E8 /* ListDrinksModel.swift */ = {isa = PBXFileReference; lastKnownFileType = sourcecode.swift; path = ListDrinksModel.swift; sourceTree = "<group>"; };
		9490DD5E230575EB006A03E8 /* DrinkService.swift */ = {isa = PBXFileReference; lastKnownFileType = sourcecode.swift; path = DrinkService.swift; sourceTree = "<group>"; };
		9490DD6323057636006A03E8 /* Drink.swift */ = {isa = PBXFileReference; fileEncoding = 4; lastKnownFileType = sourcecode.swift; path = Drink.swift; sourceTree = "<group>"; };
		AF48B74289E2DEF8872D74F0 /* ListDrinksViewController.swift */ = {isa = PBXFileReference; includeInIndex = 1; lastKnownFileType = sourcecode.swift; path = ListDrinksViewController.swift; sourceTree = "<group>"; };
		D44985D331732E997F26520B /* Pods_CleanBuddyCoffee.framework */ = {isa = PBXFileReference; explicitFileType = wrapper.framework; includeInIndex = 0; path = Pods_CleanBuddyCoffee.framework; sourceTree = BUILT_PRODUCTS_DIR; };
		DC6B504532C6B79718DFA121 /* ListDrinksInteractor.swift */ = {isa = PBXFileReference; includeInIndex = 1; lastKnownFileType = sourcecode.swift; path = ListDrinksInteractor.swift; sourceTree = "<group>"; };
		F85FEB08BFE306EEBFDE05DE /* ListDrinksPresenter.swift */ = {isa = PBXFileReference; includeInIndex = 1; lastKnownFileType = sourcecode.swift; path = ListDrinksPresenter.swift; sourceTree = "<group>"; };
/* End PBXFileReference section */

/* Begin PBXFrameworksBuildPhase section */
		9490DD10230566A7006A03E8 /* Frameworks */ = {
			isa = PBXFrameworksBuildPhase;
			buildActionMask = 2147483647;
			files = (
				7FD201E4EA2D01E28B92EFB3 /* Pods_CleanBuddyCoffee.framework in Frameworks */,
			);
			runOnlyForDeploymentPostprocessing = 0;
		};
/* End PBXFrameworksBuildPhase section */

/* Begin PBXGroup section */
		22957522151FB5F57F7703D2 /* Router */ = {
			isa = PBXGroup;
			children = (
				3F423B24F9C6223F099EA1E7 /* ListDrinksRouterInput.swift */,
				88B4AEF33A97F08F38E0BB8E /* ListDrinksRouter.swift */,
			);
			path = Router;
			sourceTree = "<group>";
		};
		41D548ABAB9705EF2B98202A /* View */ = {
			isa = PBXGroup;
			children = (
				48FDAB6B371DA85B72196219 /* ListDrinksViewInput.swift */,
				8AC748A7A2A02A4BECE495B6 /* ListDrinksViewOutput.swift */,
				AF48B74289E2DEF8872D74F0 /* ListDrinksViewController.swift */,
			);
			path = View;
			sourceTree = "<group>";
		};
		6EB9D7378F64F220A190351A /* Configurator */ = {
			isa = PBXGroup;
			children = (
				501FF0F349EEED13199A3CAE /* ListDrinksConfigurator.swift */,
				3B28A81B1C3B6BB83F1862E1 /* ListDrinksInitializer.swift */,
			);
			path = Configurator;
			sourceTree = "<group>";
		};
		82F7B6E112079DEFEDE5E717 /* Frameworks */ = {
			isa = PBXGroup;
			children = (
				D44985D331732E997F26520B /* Pods_CleanBuddyCoffee.framework */,
			);
			name = Frameworks;
			sourceTree = "<group>";
		};
		83D0BF40919085BFC2B8530E /* modules */ = {
			isa = PBXGroup;
			children = (
				F9966C34AAEE4E0AC6C6764B /* ListDrinks */,
			);
			path = modules;
			sourceTree = "<group>";
		};
		8AD55697FCA71AEB26E91105 /* Pods */ = {
			isa = PBXGroup;
			children = (
				0A1A68DE6F5C05FEDB57D5C8 /* Pods-CleanBuddyCoffee.debug.xcconfig */,
				68639226B61F5F192142EB2E /* Pods-CleanBuddyCoffee.release.xcconfig */,
			);
			path = Pods;
			sourceTree = "<group>";
		};
		9490DD0A230566A7006A03E8 = {
			isa = PBXGroup;
			children = (
				9490DD15230566A7006A03E8 /* CleanBuddyCoffee */,
				9490DD14230566A7006A03E8 /* Products */,
				8AD55697FCA71AEB26E91105 /* Pods */,
				82F7B6E112079DEFEDE5E717 /* Frameworks */,
				83D0BF40919085BFC2B8530E /* modules */,
			);
			sourceTree = "<group>";
		};
		9490DD14230566A7006A03E8 /* Products */ = {
			isa = PBXGroup;
			children = (
				9490DD13230566A7006A03E8 /* CleanBuddyCoffee.app */,
			);
			name = Products;
			sourceTree = "<group>";
		};
		9490DD15230566A7006A03E8 /* CleanBuddyCoffee */ = {
			isa = PBXGroup;
			children = (
				9490DD5A23057555006A03E8 /* Services */,
				9490DD4923057094006A03E8 /* Common */,
				9490DD2A23056F4C006A03E8 /* Modules */,
				9490DD28230567D2006A03E8 /* GoogleService-Info.plist */,
				9490DD16230566A7006A03E8 /* AppDelegate.swift */,
				9490DD1D230566A8006A03E8 /* Assets.xcassets */,
				9490DD1F230566A8006A03E8 /* LaunchScreen.storyboard */,
				9490DD22230566A8006A03E8 /* Info.plist */,
			);
			path = CleanBuddyCoffee;
			sourceTree = "<group>";
		};
		9490DD2A23056F4C006A03E8 /* Modules */ = {
			isa = PBXGroup;
			children = (
				9490DD4C230570B9006A03E8 /* Main */,
				9490DD2B23056F4C006A03E8 /* ListDrinks */,
			);
			path = Modules;
			sourceTree = SOURCE_ROOT;
		};
		9490DD2B23056F4C006A03E8 /* ListDrinks */ = {
			isa = PBXGroup;
			children = (
				9490DD56230572E6006A03E8 /* ListDrinks.storyboard */,
				9490DD5823057411006A03E8 /* ListDrinksModel.swift */,
				9490DD2C23056F4C006A03E8 /* Presenter */,
				9490DD2F23056F4C006A03E8 /* View */,
				9490DD3323056F4C006A03E8 /* Configurator */,
				9490DD3623056F4C006A03E8 /* Interactor */,
				9490DD3A23056F4C006A03E8 /* Router */,
			);
			path = ListDrinks;
			sourceTree = "<group>";
		};
		9490DD2C23056F4C006A03E8 /* Presenter */ = {
			isa = PBXGroup;
			children = (
				9490DD2D23056F4C006A03E8 /* ListDrinksModuleInput.swift */,
				9490DD2E23056F4C006A03E8 /* ListDrinksPresenter.swift */,
			);
			path = Presenter;
			sourceTree = "<group>";
		};
		9490DD2F23056F4C006A03E8 /* View */ = {
			isa = PBXGroup;
			children = (
				9490DD3023056F4C006A03E8 /* ListDrinksViewOutput.swift */,
				9490DD3123056F4C006A03E8 /* ListDrinksViewInput.swift */,
				9490DD3223056F4C006A03E8 /* ListDrinksViewController.swift */,
			);
			path = View;
			sourceTree = "<group>";
		};
		9490DD3323056F4C006A03E8 /* Configurator */ = {
			isa = PBXGroup;
			children = (
				9490DD3423056F4C006A03E8 /* ListDrinksConfigurator.swift */,
				9490DD3523056F4C006A03E8 /* ListDrinksInitializer.swift */,
			);
			path = Configurator;
			sourceTree = "<group>";
		};
		9490DD3623056F4C006A03E8 /* Interactor */ = {
			isa = PBXGroup;
			children = (
				9490DD3723056F4C006A03E8 /* ListDrinksInteractorInput.swift */,
				9490DD3823056F4C006A03E8 /* ListDrinksInteractorOutput.swift */,
				9490DD3923056F4C006A03E8 /* ListDrinksInteractor.swift */,
			);
			path = Interactor;
			sourceTree = "<group>";
		};
		9490DD3A23056F4C006A03E8 /* Router */ = {
			isa = PBXGroup;
			children = (
				9490DD3B23056F4C006A03E8 /* ListDrinksRouterInput.swift */,
				9490DD3C23056F4C006A03E8 /* ListDrinksRouter.swift */,
			);
			path = Router;
			sourceTree = "<group>";
		};
		9490DD4923057094006A03E8 /* Common */ = {
			isa = PBXGroup;
			children = (
				9490DD4A23057094006A03E8 /* AppStoryboard.swift */,
			);
			path = Common;
			sourceTree = "<group>";
		};
		9490DD4C230570B9006A03E8 /* Main */ = {
			isa = PBXGroup;
			children = (
				9490DD4D230570B9006A03E8 /* MainBuilder.swift */,
				9490DD4E230570B9006A03E8 /* MainViewController.swift */,
				9490DD4F230570B9006A03E8 /* Main.storyboard */,
			);
			path = Main;
			sourceTree = "<group>";
		};
		9490DD5A23057555006A03E8 /* Services */ = {
			isa = PBXGroup;
			children = (
				9490DD5B2305755E006A03E8 /* Firebase */,
			);
			path = Services;
			sourceTree = "<group>";
		};
		9490DD5B2305755E006A03E8 /* Firebase */ = {
			isa = PBXGroup;
			children = (
				9490DD6023057636006A03E8 /* Entities */,
				9490DD5E230575EB006A03E8 /* DrinkService.swift */,
			);
			path = Firebase;
			sourceTree = "<group>";
		};
		9490DD6023057636006A03E8 /* Entities */ = {
			isa = PBXGroup;
			children = (
				9490DD6323057636006A03E8 /* Drink.swift */,
			);
			path = Entities;
			sourceTree = "<group>";
		};
		BB28DEC5A3E2118A6FE46ED8 /* Interactor */ = {
			isa = PBXGroup;
			children = (
				7DAB269F8F95F4ABA5AB8383 /* ListDrinksInteractorInput.swift */,
				6067ECD3FBCC0EC08653E448 /* ListDrinksInteractorOutput.swift */,
				DC6B504532C6B79718DFA121 /* ListDrinksInteractor.swift */,
			);
			path = Interactor;
			sourceTree = "<group>";
		};
		BEA39174E31F86772B0E2DBD /* Presenter */ = {
			isa = PBXGroup;
			children = (
				84A95BCA458AEFF4AA8E1E12 /* ListDrinksModuleInput.swift */,
				F85FEB08BFE306EEBFDE05DE /* ListDrinksPresenter.swift */,
			);
			path = Presenter;
			sourceTree = "<group>";
		};
		F9966C34AAEE4E0AC6C6764B /* ListDrinks */ = {
			isa = PBXGroup;
			children = (
				41D548ABAB9705EF2B98202A /* View */,
				BEA39174E31F86772B0E2DBD /* Presenter */,
				BB28DEC5A3E2118A6FE46ED8 /* Interactor */,
				22957522151FB5F57F7703D2 /* Router */,
				6EB9D7378F64F220A190351A /* Configurator */,
			);
			path = ListDrinks;
			sourceTree = "<group>";
		};
/* End PBXGroup section */

/* Begin PBXNativeTarget section */
		9490DD12230566A7006A03E8 /* CleanBuddyCoffee */ = {
			isa = PBXNativeTarget;
			buildConfigurationList = 9490DD25230566A8006A03E8 /* Build configuration list for PBXNativeTarget "CleanBuddyCoffee" */;
			buildPhases = (
				A5BB0638363CA8543AF67E67 /* [CP] Check Pods Manifest.lock */,
				9490DD0F230566A7006A03E8 /* Sources */,
				9490DD10230566A7006A03E8 /* Frameworks */,
				9490DD11230566A7006A03E8 /* Resources */,
				28609CAF0E2058B61F1F39CE /* [CP] Embed Pods Frameworks */,
			);
			buildRules = (
			);
			dependencies = (
			);
			name = CleanBuddyCoffee;
			productName = CleanBuddyCoffee;
			productReference = 9490DD13230566A7006A03E8 /* CleanBuddyCoffee.app */;
			productType = "com.apple.product-type.application";
		};
/* End PBXNativeTarget section */

/* Begin PBXProject section */
		9490DD0B230566A7006A03E8 /* Project object */ = {
			isa = PBXProject;
			attributes = {
				LastSwiftUpdateCheck = 1030;
				LastUpgradeCheck = 1030;
				ORGANIZATIONNAME = Daylighter;
				TargetAttributes = {
					9490DD12230566A7006A03E8 = {
						CreatedOnToolsVersion = 10.3;
					};
				};
			};
			buildConfigurationList = 9490DD0E230566A7006A03E8 /* Build configuration list for PBXProject "CleanBuddyCoffee" */;
			compatibilityVersion = "Xcode 9.3";
			developmentRegion = en;
			hasScannedForEncodings = 0;
			knownRegions = (
				en,
				Base,
			);
			mainGroup = 9490DD0A230566A7006A03E8;
			productRefGroup = 9490DD14230566A7006A03E8 /* Products */;
			projectDirPath = "";
			projectRoot = "";
			targets = (
				9490DD12230566A7006A03E8 /* CleanBuddyCoffee */,
			);
		};
/* End PBXProject section */

/* Begin PBXResourcesBuildPhase section */
		9490DD11230566A7006A03E8 /* Resources */ = {
			isa = PBXResourcesBuildPhase;
			buildActionMask = 2147483647;
			files = (
				9490DD21230566A8006A03E8 /* LaunchScreen.storyboard in Resources */,
				9490DD57230572E6006A03E8 /* ListDrinks.storyboard in Resources */,
				9490DD54230570B9006A03E8 /* Main.storyboard in Resources */,
				9490DD29230567D2006A03E8 /* GoogleService-Info.plist in Resources */,
				9490DD1E230566A8006A03E8 /* Assets.xcassets in Resources */,
			);
			runOnlyForDeploymentPostprocessing = 0;
		};
/* End PBXResourcesBuildPhase section */

/* Begin PBXShellScriptBuildPhase section */
		28609CAF0E2058B61F1F39CE /* [CP] Embed Pods Frameworks */ = {
			isa = PBXShellScriptBuildPhase;
			buildActionMask = 2147483647;
			files = (
			);
			inputFileListPaths = (
				"${PODS_ROOT}/Target Support Files/Pods-CleanBuddyCoffee/Pods-CleanBuddyCoffee-frameworks-${CONFIGURATION}-input-files.xcfilelist",
			);
			name = "[CP] Embed Pods Frameworks";
			outputFileListPaths = (
				"${PODS_ROOT}/Target Support Files/Pods-CleanBuddyCoffee/Pods-CleanBuddyCoffee-frameworks-${CONFIGURATION}-output-files.xcfilelist",
			);
			runOnlyForDeploymentPostprocessing = 0;
			shellPath = /bin/sh;
			shellScript = "\"${PODS_ROOT}/Target Support Files/Pods-CleanBuddyCoffee/Pods-CleanBuddyCoffee-frameworks.sh\"\n";
			showEnvVarsInLog = 0;
		};
		A5BB0638363CA8543AF67E67 /* [CP] Check Pods Manifest.lock */ = {
			isa = PBXShellScriptBuildPhase;
			buildActionMask = 2147483647;
			files = (
			);
			inputFileListPaths = (
			);
			inputPaths = (
				"${PODS_PODFILE_DIR_PATH}/Podfile.lock",
				"${PODS_ROOT}/Manifest.lock",
			);
			name = "[CP] Check Pods Manifest.lock";
			outputFileListPaths = (
			);
			outputPaths = (
				"$(DERIVED_FILE_DIR)/Pods-CleanBuddyCoffee-checkManifestLockResult.txt",
			);
			runOnlyForDeploymentPostprocessing = 0;
			shellPath = /bin/sh;
			shellScript = "diff \"${PODS_PODFILE_DIR_PATH}/Podfile.lock\" \"${PODS_ROOT}/Manifest.lock\" > /dev/null\nif [ $? != 0 ] ; then\n    # print error to STDERR\n    echo \"error: The sandbox is not in sync with the Podfile.lock. Run 'pod install' or update your CocoaPods installation.\" >&2\n    exit 1\nfi\n# This output is used by Xcode 'outputs' to avoid re-running this script phase.\necho \"SUCCESS\" > \"${SCRIPT_OUTPUT_FILE_0}\"\n";
			showEnvVarsInLog = 0;
		};
/* End PBXShellScriptBuildPhase section */

/* Begin PBXSourcesBuildPhase section */
		9490DD0F230566A7006A03E8 /* Sources */ = {
			isa = PBXSourcesBuildPhase;
			buildActionMask = 2147483647;
			files = (
				9490DD17230566A7006A03E8 /* AppDelegate.swift in Sources */,
				F45C9788D2CCCB3AF825CC53 /* ListDrinksViewInput.swift in Sources */,
				9490DD3E23056F4C006A03E8 /* ListDrinksPresenter.swift in Sources */,
				D79147E4DBD6B342FA66031B /* ListDrinksViewOutput.swift in Sources */,
				9490DD4223056F4C006A03E8 /* ListDrinksConfigurator.swift in Sources */,
				B08A78D1A176741979408F88 /* ListDrinksViewController.swift in Sources */,
				9490DD4823056F4C006A03E8 /* ListDrinksRouter.swift in Sources */,
				25319C6108C4169255C6C4C8 /* ListDrinksModuleInput.swift in Sources */,
				0965360E60C9950A2EF0FC27 /* ListDrinksPresenter.swift in Sources */,
				9490DD4B23057095006A03E8 /* AppStoryboard.swift in Sources */,
				9490DD3F23056F4C006A03E8 /* ListDrinksViewOutput.swift in Sources */,
				2E748F4EF27C5307DD14140F /* ListDrinksInteractorInput.swift in Sources */,
				9490DD53230570B9006A03E8 /* MainViewController.swift in Sources */,
				9490DD4323056F4C006A03E8 /* ListDrinksInitializer.swift in Sources */,
				9490DD3D23056F4C006A03E8 /* ListDrinksModuleInput.swift in Sources */,
				4A561AB6BC286ECAE00A09D9 /* ListDrinksInteractorOutput.swift in Sources */,
				9490DD5F230575EB006A03E8 /* DrinkService.swift in Sources */,
				9490DD4023056F4C006A03E8 /* ListDrinksViewInput.swift in Sources */,
				30C67117E7770AD513D65A8A /* ListDrinksInteractor.swift in Sources */,
				9490DD5923057411006A03E8 /* ListDrinksModel.swift in Sources */,
				9490DD4423056F4C006A03E8 /* ListDrinksInteractorInput.swift in Sources */,
				9490DD4123056F4C006A03E8 /* ListDrinksViewController.swift in Sources */,
				9490DD4723056F4C006A03E8 /* ListDrinksRouterInput.swift in Sources */,
				9490DD6723057636006A03E8 /* Drink.swift in Sources */,
				825E2DB3F149C4480C218A6C /* ListDrinksRouterInput.swift in Sources */,
				AF6210997D07DEC17C505B13 /* ListDrinksRouter.swift in Sources */,
				213EBEFC6996A961A929C7D7 /* ListDrinksConfigurator.swift in Sources */,
				9490DD52230570B9006A03E8 /* MainBuilder.swift in Sources */,
				9490DD4523056F4C006A03E8 /* ListDrinksInteractorOutput.swift in Sources */,
				9A082F389898B507BED00E7F /* ListDrinksInitializer.swift in Sources */,
				9490DD4623056F4C006A03E8 /* ListDrinksInteractor.swift in Sources */,
			);
			runOnlyForDeploymentPostprocessing = 0;
		};
/* End PBXSourcesBuildPhase section */

/* Begin PBXVariantGroup section */
		9490DD1F230566A8006A03E8 /* LaunchScreen.storyboard */ = {
			isa = PBXVariantGroup;
			children = (
				9490DD20230566A8006A03E8 /* Base */,
			);
			name = LaunchScreen.storyboard;
			sourceTree = "<group>";
		};
		9490DD4F230570B9006A03E8 /* Main.storyboard */ = {
			isa = PBXVariantGroup;
			children = (
				9490DD50230570B9006A03E8 /* Base */,
			);
			name = Main.storyboard;
			sourceTree = "<group>";
		};
/* End PBXVariantGroup section */

/* Begin XCBuildConfiguration section */
		9490DD23230566A8006A03E8 /* Debug */ = {
			isa = XCBuildConfiguration;
			buildSettings = {
				ALWAYS_SEARCH_USER_PATHS = NO;
				CLANG_ANALYZER_NONNULL = YES;
				CLANG_ANALYZER_NUMBER_OBJECT_CONVERSION = YES_AGGRESSIVE;
				CLANG_CXX_LANGUAGE_STANDARD = "gnu++14";
				CLANG_CXX_LIBRARY = "libc++";
				CLANG_ENABLE_MODULES = YES;
				CLANG_ENABLE_OBJC_ARC = YES;
				CLANG_ENABLE_OBJC_WEAK = YES;
				CLANG_WARN_BLOCK_CAPTURE_AUTORELEASING = YES;
				CLANG_WARN_BOOL_CONVERSION = YES;
				CLANG_WARN_COMMA = YES;
				CLANG_WARN_CONSTANT_CONVERSION = YES;
				CLANG_WARN_DEPRECATED_OBJC_IMPLEMENTATIONS = YES;
				CLANG_WARN_DIRECT_OBJC_ISA_USAGE = YES_ERROR;
				CLANG_WARN_DOCUMENTATION_COMMENTS = YES;
				CLANG_WARN_EMPTY_BODY = YES;
				CLANG_WARN_ENUM_CONVERSION = YES;
				CLANG_WARN_INFINITE_RECURSION = YES;
				CLANG_WARN_INT_CONVERSION = YES;
				CLANG_WARN_NON_LITERAL_NULL_CONVERSION = YES;
				CLANG_WARN_OBJC_IMPLICIT_RETAIN_SELF = YES;
				CLANG_WARN_OBJC_LITERAL_CONVERSION = YES;
				CLANG_WARN_OBJC_ROOT_CLASS = YES_ERROR;
				CLANG_WARN_RANGE_LOOP_ANALYSIS = YES;
				CLANG_WARN_STRICT_PROTOTYPES = YES;
				CLANG_WARN_SUSPICIOUS_MOVE = YES;
				CLANG_WARN_UNGUARDED_AVAILABILITY = YES_AGGRESSIVE;
				CLANG_WARN_UNREACHABLE_CODE = YES;
				CLANG_WARN__DUPLICATE_METHOD_MATCH = YES;
				CODE_SIGN_IDENTITY = "iPhone Developer";
				COPY_PHASE_STRIP = NO;
				DEBUG_INFORMATION_FORMAT = dwarf;
				ENABLE_STRICT_OBJC_MSGSEND = YES;
				ENABLE_TESTABILITY = YES;
				GCC_C_LANGUAGE_STANDARD = gnu11;
				GCC_DYNAMIC_NO_PIC = NO;
				GCC_NO_COMMON_BLOCKS = YES;
				GCC_OPTIMIZATION_LEVEL = 0;
				GCC_PREPROCESSOR_DEFINITIONS = (
					"DEBUG=1",
					"$(inherited)",
				);
				GCC_WARN_64_TO_32_BIT_CONVERSION = YES;
				GCC_WARN_ABOUT_RETURN_TYPE = YES_ERROR;
				GCC_WARN_UNDECLARED_SELECTOR = YES;
				GCC_WARN_UNINITIALIZED_AUTOS = YES_AGGRESSIVE;
				GCC_WARN_UNUSED_FUNCTION = YES;
				GCC_WARN_UNUSED_VARIABLE = YES;
				IPHONEOS_DEPLOYMENT_TARGET = 12.4;
				MTL_ENABLE_DEBUG_INFO = INCLUDE_SOURCE;
				MTL_FAST_MATH = YES;
				ONLY_ACTIVE_ARCH = YES;
				SDKROOT = iphoneos;
				SWIFT_ACTIVE_COMPILATION_CONDITIONS = DEBUG;
				SWIFT_OPTIMIZATION_LEVEL = "-Onone";
			};
			name = Debug;
		};
		9490DD24230566A8006A03E8 /* Release */ = {
			isa = XCBuildConfiguration;
			buildSettings = {
				ALWAYS_SEARCH_USER_PATHS = NO;
				CLANG_ANALYZER_NONNULL = YES;
				CLANG_ANALYZER_NUMBER_OBJECT_CONVERSION = YES_AGGRESSIVE;
				CLANG_CXX_LANGUAGE_STANDARD = "gnu++14";
				CLANG_CXX_LIBRARY = "libc++";
				CLANG_ENABLE_MODULES = YES;
				CLANG_ENABLE_OBJC_ARC = YES;
				CLANG_ENABLE_OBJC_WEAK = YES;
				CLANG_WARN_BLOCK_CAPTURE_AUTORELEASING = YES;
				CLANG_WARN_BOOL_CONVERSION = YES;
				CLANG_WARN_COMMA = YES;
				CLANG_WARN_CONSTANT_CONVERSION = YES;
				CLANG_WARN_DEPRECATED_OBJC_IMPLEMENTATIONS = YES;
				CLANG_WARN_DIRECT_OBJC_ISA_USAGE = YES_ERROR;
				CLANG_WARN_DOCUMENTATION_COMMENTS = YES;
				CLANG_WARN_EMPTY_BODY = YES;
				CLANG_WARN_ENUM_CONVERSION = YES;
				CLANG_WARN_INFINITE_RECURSION = YES;
				CLANG_WARN_INT_CONVERSION = YES;
				CLANG_WARN_NON_LITERAL_NULL_CONVERSION = YES;
				CLANG_WARN_OBJC_IMPLICIT_RETAIN_SELF = YES;
				CLANG_WARN_OBJC_LITERAL_CONVERSION = YES;
				CLANG_WARN_OBJC_ROOT_CLASS = YES_ERROR;
				CLANG_WARN_RANGE_LOOP_ANALYSIS = YES;
				CLANG_WARN_STRICT_PROTOTYPES = YES;
				CLANG_WARN_SUSPICIOUS_MOVE = YES;
				CLANG_WARN_UNGUARDED_AVAILABILITY = YES_AGGRESSIVE;
				CLANG_WARN_UNREACHABLE_CODE = YES;
				CLANG_WARN__DUPLICATE_METHOD_MATCH = YES;
				CODE_SIGN_IDENTITY = "iPhone Developer";
				COPY_PHASE_STRIP = NO;
				DEBUG_INFORMATION_FORMAT = "dwarf-with-dsym";
				ENABLE_NS_ASSERTIONS = NO;
				ENABLE_STRICT_OBJC_MSGSEND = YES;
				GCC_C_LANGUAGE_STANDARD = gnu11;
				GCC_NO_COMMON_BLOCKS = YES;
				GCC_WARN_64_TO_32_BIT_CONVERSION = YES;
				GCC_WARN_ABOUT_RETURN_TYPE = YES_ERROR;
				GCC_WARN_UNDECLARED_SELECTOR = YES;
				GCC_WARN_UNINITIALIZED_AUTOS = YES_AGGRESSIVE;
				GCC_WARN_UNUSED_FUNCTION = YES;
				GCC_WARN_UNUSED_VARIABLE = YES;
				IPHONEOS_DEPLOYMENT_TARGET = 12.4;
				MTL_ENABLE_DEBUG_INFO = NO;
				MTL_FAST_MATH = YES;
				SDKROOT = iphoneos;
				SWIFT_COMPILATION_MODE = wholemodule;
				SWIFT_OPTIMIZATION_LEVEL = "-O";
				VALIDATE_PRODUCT = YES;
			};
			name = Release;
		};
		9490DD26230566A8006A03E8 /* Debug */ = {
			isa = XCBuildConfiguration;
			baseConfigurationReference = 0A1A68DE6F5C05FEDB57D5C8 /* Pods-CleanBuddyCoffee.debug.xcconfig */;
			buildSettings = {
				ASSETCATALOG_COMPILER_APPICON_NAME = AppIcon;
				CODE_SIGN_STYLE = Automatic;
				DEVELOPMENT_TEAM = 25YD4528FX;
				INFOPLIST_FILE = CleanBuddyCoffee/Info.plist;
				LD_RUNPATH_SEARCH_PATHS = (
					"$(inherited)",
					"@executable_path/Frameworks",
				);
				PRODUCT_BUNDLE_IDENTIFIER = com.daylighter.life.CleanBuddyCoffee;
				PRODUCT_NAME = "$(TARGET_NAME)";
				SWIFT_VERSION = 5.0;
				TARGETED_DEVICE_FAMILY = "1,2";
			};
			name = Debug;
		};
		9490DD27230566A8006A03E8 /* Release */ = {
			isa = XCBuildConfiguration;
			baseConfigurationReference = 68639226B61F5F192142EB2E /* Pods-CleanBuddyCoffee.release.xcconfig */;
			buildSettings = {
				ASSETCATALOG_COMPILER_APPICON_NAME = AppIcon;
				CODE_SIGN_STYLE = Automatic;
				DEVELOPMENT_TEAM = 25YD4528FX;
				INFOPLIST_FILE = CleanBuddyCoffee/Info.plist;
				LD_RUNPATH_SEARCH_PATHS = (
					"$(inherited)",
					"@executable_path/Frameworks",
				);
				PRODUCT_BUNDLE_IDENTIFIER = com.daylighter.life.CleanBuddyCoffee;
				PRODUCT_NAME = "$(TARGET_NAME)";
				SWIFT_VERSION = 5.0;
				TARGETED_DEVICE_FAMILY = "1,2";
			};
			name = Release;
		};
/* End XCBuildConfiguration section */

/* Begin XCConfigurationList section */
		9490DD0E230566A7006A03E8 /* Build configuration list for PBXProject "CleanBuddyCoffee" */ = {
			isa = XCConfigurationList;
			buildConfigurations = (
				9490DD23230566A8006A03E8 /* Debug */,
				9490DD24230566A8006A03E8 /* Release */,
			);
			defaultConfigurationIsVisible = 0;
			defaultConfigurationName = Release;
		};
		9490DD25230566A8006A03E8 /* Build configuration list for PBXNativeTarget "CleanBuddyCoffee" */ = {
			isa = XCConfigurationList;
			buildConfigurations = (
				9490DD26230566A8006A03E8 /* Debug */,
				9490DD27230566A8006A03E8 /* Release */,
			);
			defaultConfigurationIsVisible = 0;
			defaultConfigurationName = Release;
		};
/* End XCConfigurationList section */
	};
	rootObject = 9490DD0B230566A7006A03E8 /* Project object */;
}
