// !$*UTF8*$!
{
	archiveVersion = 1;
	classes = {
	};
	objectVersion = 51;
	objects = {

/* Begin PBXBuildFile section */
		2B8E25F40D3767D75138AC81 /* DrinkDetailInteractorOutput.swift in Sources */ = {isa = PBXBuildFile; fileRef = C925A1F4513B1D7BDC9C4452 /* DrinkDetailInteractorOutput.swift */; };
		4072A5EBB532D9EC331F32B0 /* DrinkDetailInteractor.swift in Sources */ = {isa = PBXBuildFile; fileRef = 9E0A2A5E9EB3FF92B8887E9C /* DrinkDetailInteractor.swift */; };
		5252E2A31C726B0C806590A4 /* DrinkDetailRouter.swift in Sources */ = {isa = PBXBuildFile; fileRef = 9F2926DB96B45D198CB29293 /* DrinkDetailRouter.swift */; };
		5720E4CB83647619A0E80E6D /* DrinkDetailViewOutput.swift in Sources */ = {isa = PBXBuildFile; fileRef = 8D80D4D56FB4E6A3BD21DB9E /* DrinkDetailViewOutput.swift */; };
		6713A557F798F29B299F1136 /* DrinkDetailRouterInput.swift in Sources */ = {isa = PBXBuildFile; fileRef = D807A463D5933CF917A608A3 /* DrinkDetailRouterInput.swift */; };
		67F9DC57B9BFB05B83795F91 /* DrinkDetailModuleInput.swift in Sources */ = {isa = PBXBuildFile; fileRef = 5E881DC398B8AA84AC744F32 /* DrinkDetailModuleInput.swift */; };
		723A4AA4ED8F37F77DBCFC76 /* DrinkDetailViewController.swift in Sources */ = {isa = PBXBuildFile; fileRef = D9BC202F0C7D8149733730E0 /* DrinkDetailViewController.swift */; };
		7F96B71F1887090F837D97A2 /* DrinkDetailPresenter.swift in Sources */ = {isa = PBXBuildFile; fileRef = BCE56D779C4F2F1B178860B4 /* DrinkDetailPresenter.swift */; };
		7FD201E4EA2D01E28B92EFB3 /* Pods_CleanBuddyCoffee.framework in Frameworks */ = {isa = PBXBuildFile; fileRef = D44985D331732E997F26520B /* Pods_CleanBuddyCoffee.framework */; };
		940D4665230AD1D700F20C22 /* CartConfigurator.swift in Sources */ = {isa = PBXBuildFile; fileRef = 94170380230AB1CA00BADB90 /* CartConfigurator.swift */; };
		940D4667230AD1E100F20C22 /* CartViewController.swift in Sources */ = {isa = PBXBuildFile; fileRef = 9417037C230AB1CA00BADB90 /* CartViewController.swift */; };
		940D4668230AD1FC00F20C22 /* CartViewInput.swift in Sources */ = {isa = PBXBuildFile; fileRef = 9417037D230AB1CA00BADB90 /* CartViewInput.swift */; };
		940D4669230AD1FE00F20C22 /* CartViewOutput.swift in Sources */ = {isa = PBXBuildFile; fileRef = 9417037E230AB1CA00BADB90 /* CartViewOutput.swift */; };
		940D466B230AD20200F20C22 /* CartPresenter.swift in Sources */ = {isa = PBXBuildFile; fileRef = 9417037A230AB1CA00BADB90 /* CartPresenter.swift */; };
		940D466C230AD20900F20C22 /* CartInteractor.swift in Sources */ = {isa = PBXBuildFile; fileRef = 94170383230AB1CA00BADB90 /* CartInteractor.swift */; };
		940D466D230AD20B00F20C22 /* CartInteractorInput.swift in Sources */ = {isa = PBXBuildFile; fileRef = 94170384230AB1CA00BADB90 /* CartInteractorInput.swift */; };
		940D466E230AD20D00F20C22 /* CartInteractorOutput.swift in Sources */ = {isa = PBXBuildFile; fileRef = 94170385230AB1CA00BADB90 /* CartInteractorOutput.swift */; };
		940D466F230AD21000F20C22 /* CartRouter.swift in Sources */ = {isa = PBXBuildFile; fileRef = 94170387230AB1CA00BADB90 /* CartRouter.swift */; };
		940D4670230AD21200F20C22 /* CartRouterInput.swift in Sources */ = {isa = PBXBuildFile; fileRef = 94170388230AB1CA00BADB90 /* CartRouterInput.swift */; };
		940D4672230AD47E00F20C22 /* CartItemCell.swift in Sources */ = {isa = PBXBuildFile; fileRef = 940D4671230AD47E00F20C22 /* CartItemCell.swift */; };
		941847B42313C67600C94FB6 /* ModuleDependency.swift in Sources */ = {isa = PBXBuildFile; fileRef = 941847B32313C67600C94FB6 /* ModuleDependency.swift */; };
		941847B62313DC9100C94FB6 /* AppBuilderDelegate.swift in Sources */ = {isa = PBXBuildFile; fileRef = 941847B52313DC9100C94FB6 /* AppBuilderDelegate.swift */; };
		9451813C23140D9000E1706D /* GoogleService-Info.plist in Resources */ = {isa = PBXBuildFile; fileRef = 9490DD28230567D2006A03E8 /* GoogleService-Info.plist */; };
		9451813D23140DA900E1706D /* Assets.xcassets in Resources */ = {isa = PBXBuildFile; fileRef = 9490DD1D230566A8006A03E8 /* Assets.xcassets */; };
		9451813E23140DB000E1706D /* LaunchScreen.storyboard in Resources */ = {isa = PBXBuildFile; fileRef = 9490DD1F230566A8006A03E8 /* LaunchScreen.storyboard */; };
		9451814023140E1C00E1706D /* ListDrinks.storyboard in Resources */ = {isa = PBXBuildFile; fileRef = 9490DD56230572E6006A03E8 /* ListDrinks.storyboard */; };
		9451814123140E2600E1706D /* DrinkDetail.storyboard in Resources */ = {isa = PBXBuildFile; fileRef = A42117902309A02500792F47 /* DrinkDetail.storyboard */; };
		9451814223140E2D00E1706D /* Cart.storyboard in Resources */ = {isa = PBXBuildFile; fileRef = 94170389230AB1EE00BADB90 /* Cart.storyboard */; };
		9451814323140E3200E1706D /* DeliveryAddress.storyboard in Resources */ = {isa = PBXBuildFile; fileRef = 94DC72C0230FD8AF006E814E /* DeliveryAddress.storyboard */; };
		9451814423140E4200E1706D /* SetAddressOnMap.storyboard in Resources */ = {isa = PBXBuildFile; fileRef = 94DC7298230FD688006E814E /* SetAddressOnMap.storyboard */; };
		9451814623140E9B00E1706D /* Order+CoreDataClass.swift in Sources */ = {isa = PBXBuildFile; fileRef = 9451814523140E9B00E1706D /* Order+CoreDataClass.swift */; };
		9451814823140EC600E1706D /* Order+CoreDataProperties.swift in Sources */ = {isa = PBXBuildFile; fileRef = 9451814723140EC600E1706D /* Order+CoreDataProperties.swift */; };
		9490DD17230566A7006A03E8 /* AppDelegate.swift in Sources */ = {isa = PBXBuildFile; fileRef = 9490DD16230566A7006A03E8 /* AppDelegate.swift */; };
		9490DD3D23056F4C006A03E8 /* ListDrinksModuleInput.swift in Sources */ = {isa = PBXBuildFile; fileRef = 9490DD2D23056F4C006A03E8 /* ListDrinksModuleInput.swift */; };
		9490DD3E23056F4C006A03E8 /* ListDrinksPresenter.swift in Sources */ = {isa = PBXBuildFile; fileRef = 9490DD2E23056F4C006A03E8 /* ListDrinksPresenter.swift */; };
		9490DD3F23056F4C006A03E8 /* ListDrinksViewOutput.swift in Sources */ = {isa = PBXBuildFile; fileRef = 9490DD3023056F4C006A03E8 /* ListDrinksViewOutput.swift */; };
		9490DD4023056F4C006A03E8 /* ListDrinksViewInput.swift in Sources */ = {isa = PBXBuildFile; fileRef = 9490DD3123056F4C006A03E8 /* ListDrinksViewInput.swift */; };
		9490DD4123056F4C006A03E8 /* ListDrinksViewController.swift in Sources */ = {isa = PBXBuildFile; fileRef = 9490DD3223056F4C006A03E8 /* ListDrinksViewController.swift */; };
		9490DD4223056F4C006A03E8 /* ListDrinksConfigurator.swift in Sources */ = {isa = PBXBuildFile; fileRef = 9490DD3423056F4C006A03E8 /* ListDrinksConfigurator.swift */; };
		9490DD4423056F4C006A03E8 /* ListDrinksInteractorInput.swift in Sources */ = {isa = PBXBuildFile; fileRef = 9490DD3723056F4C006A03E8 /* ListDrinksInteractorInput.swift */; };
		9490DD4523056F4C006A03E8 /* ListDrinksInteractorOutput.swift in Sources */ = {isa = PBXBuildFile; fileRef = 9490DD3823056F4C006A03E8 /* ListDrinksInteractorOutput.swift */; };
		9490DD4623056F4C006A03E8 /* ListDrinksInteractor.swift in Sources */ = {isa = PBXBuildFile; fileRef = 9490DD3923056F4C006A03E8 /* ListDrinksInteractor.swift */; };
		9490DD4723056F4C006A03E8 /* ListDrinksRouterInput.swift in Sources */ = {isa = PBXBuildFile; fileRef = 9490DD3B23056F4C006A03E8 /* ListDrinksRouterInput.swift */; };
		9490DD4823056F4C006A03E8 /* ListDrinksRouter.swift in Sources */ = {isa = PBXBuildFile; fileRef = 9490DD3C23056F4C006A03E8 /* ListDrinksRouter.swift */; };
		9490DD52230570B9006A03E8 /* AppBuilder.swift in Sources */ = {isa = PBXBuildFile; fileRef = 9490DD4D230570B9006A03E8 /* AppBuilder.swift */; };
		9490DD5923057411006A03E8 /* ListDrinksModel.swift in Sources */ = {isa = PBXBuildFile; fileRef = 9490DD5823057411006A03E8 /* ListDrinksModel.swift */; };
		94B58B572313FE9C00534D7C /* CoreDataStore.swift in Sources */ = {isa = PBXBuildFile; fileRef = 94B58B562313FE9C00534D7C /* CoreDataStore.swift */; };
		94DC729C230FD688006E814E /* SetAddressOnMapPresenter.swift in Sources */ = {isa = PBXBuildFile; fileRef = 94DC728C230FD688006E814E /* SetAddressOnMapPresenter.swift */; };
		94DC729D230FD688006E814E /* SetAddressOnMapViewOutput.swift in Sources */ = {isa = PBXBuildFile; fileRef = 94DC728E230FD688006E814E /* SetAddressOnMapViewOutput.swift */; };
		94DC729E230FD688006E814E /* SetAddressOnMapViewController.swift in Sources */ = {isa = PBXBuildFile; fileRef = 94DC728F230FD688006E814E /* SetAddressOnMapViewController.swift */; };
		94DC729F230FD688006E814E /* SetAddressOnMapViewInput.swift in Sources */ = {isa = PBXBuildFile; fileRef = 94DC7290230FD688006E814E /* SetAddressOnMapViewInput.swift */; };
		94DC72A0230FD688006E814E /* SetAddressOnMapConfigurator.swift in Sources */ = {isa = PBXBuildFile; fileRef = 94DC7292230FD688006E814E /* SetAddressOnMapConfigurator.swift */; };
		94DC72A2230FD688006E814E /* SetAddressOnMapInteractor.swift in Sources */ = {isa = PBXBuildFile; fileRef = 94DC7295230FD688006E814E /* SetAddressOnMapInteractor.swift */; };
		94DC72A3230FD688006E814E /* SetAddressOnMapInteractorOutput.swift in Sources */ = {isa = PBXBuildFile; fileRef = 94DC7296230FD688006E814E /* SetAddressOnMapInteractorOutput.swift */; };
		94DC72A4230FD688006E814E /* SetAddressOnMapInteractorInput.swift in Sources */ = {isa = PBXBuildFile; fileRef = 94DC7297230FD688006E814E /* SetAddressOnMapInteractorInput.swift */; };
		94DC72A6230FD688006E814E /* SetAddressOnMapRouterInput.swift in Sources */ = {isa = PBXBuildFile; fileRef = 94DC729A230FD688006E814E /* SetAddressOnMapRouterInput.swift */; };
		94DC72A7230FD688006E814E /* SetAddressOnMapRouter.swift in Sources */ = {isa = PBXBuildFile; fileRef = 94DC729B230FD688006E814E /* SetAddressOnMapRouter.swift */; };
		94DC72AC230FD752006E814E /* LocalService.swift in Sources */ = {isa = PBXBuildFile; fileRef = 94DC72A9230FD752006E814E /* LocalService.swift */; };
		94DC72AD230FD752006E814E /* CartItem.swift in Sources */ = {isa = PBXBuildFile; fileRef = 94DC72AA230FD752006E814E /* CartItem.swift */; };
		94DC72AE230FD752006E814E /* LocalServiceProtocol.swift in Sources */ = {isa = PBXBuildFile; fileRef = 94DC72AB230FD752006E814E /* LocalServiceProtocol.swift */; };
		94DC72B8230FD7A7006E814E /* RemoteServiceProtocol.swift in Sources */ = {isa = PBXBuildFile; fileRef = 94DC72B4230FD7A6006E814E /* RemoteServiceProtocol.swift */; };
		94DC72B9230FD7A7006E814E /* RemoteService.swift in Sources */ = {isa = PBXBuildFile; fileRef = 94DC72B5230FD7A6006E814E /* RemoteService.swift */; };
		94DC72CF230FD8AF006E814E /* DeliveryAddressModel.swift in Sources */ = {isa = PBXBuildFile; fileRef = 94DC72BD230FD8AF006E814E /* DeliveryAddressModel.swift */; };
		94DC72D0230FD8AF006E814E /* DeliveryAddressPresenter.swift in Sources */ = {isa = PBXBuildFile; fileRef = 94DC72BF230FD8AF006E814E /* DeliveryAddressPresenter.swift */; };
		94DC72D2230FD8AF006E814E /* DeliveryAddressViewInput.swift in Sources */ = {isa = PBXBuildFile; fileRef = 94DC72C2230FD8AF006E814E /* DeliveryAddressViewInput.swift */; };
		94DC72D3230FD8AF006E814E /* DeliveryAddressViewController.swift in Sources */ = {isa = PBXBuildFile; fileRef = 94DC72C3230FD8AF006E814E /* DeliveryAddressViewController.swift */; };
		94DC72D4230FD8AF006E814E /* DeliveryAddressViewOutput.swift in Sources */ = {isa = PBXBuildFile; fileRef = 94DC72C4230FD8AF006E814E /* DeliveryAddressViewOutput.swift */; };
		94DC72D5230FD8AF006E814E /* DeliveryAddressConfigurator.swift in Sources */ = {isa = PBXBuildFile; fileRef = 94DC72C6230FD8AF006E814E /* DeliveryAddressConfigurator.swift */; };
		94DC72D7230FD8AF006E814E /* DeliveryAddressInteractorOutput.swift in Sources */ = {isa = PBXBuildFile; fileRef = 94DC72C9230FD8AF006E814E /* DeliveryAddressInteractorOutput.swift */; };
		94DC72D8230FD8AF006E814E /* DeliveryAddressInteractorInput.swift in Sources */ = {isa = PBXBuildFile; fileRef = 94DC72CA230FD8AF006E814E /* DeliveryAddressInteractorInput.swift */; };
		94DC72D9230FD8AF006E814E /* DeliveryAddressInteractor.swift in Sources */ = {isa = PBXBuildFile; fileRef = 94DC72CB230FD8AF006E814E /* DeliveryAddressInteractor.swift */; };
		94DC72DA230FD8AF006E814E /* DeliveryAddressRouterInput.swift in Sources */ = {isa = PBXBuildFile; fileRef = 94DC72CD230FD8AF006E814E /* DeliveryAddressRouterInput.swift */; };
		94DC72DB230FD8AF006E814E /* DeliveryAddressRouter.swift in Sources */ = {isa = PBXBuildFile; fileRef = 94DC72CE230FD8AF006E814E /* DeliveryAddressRouter.swift */; };
		94DC72DF230FD8E4006E814E /* UITextView+Extensions.swift in Sources */ = {isa = PBXBuildFile; fileRef = 94DC72DD230FD8E4006E814E /* UITextView+Extensions.swift */; };
		94DC72E0230FD8E4006E814E /* UITextField+Extensions.swift in Sources */ = {isa = PBXBuildFile; fileRef = 94DC72DE230FD8E4006E814E /* UITextField+Extensions.swift */; };
		94DC72E2230FD8F7006E814E /* Validators.swift in Sources */ = {isa = PBXBuildFile; fileRef = 94DC72E1230FD8F7006E814E /* Validators.swift */; };
		94DC72E6230FD907006E814E /* AddressTextView.swift in Sources */ = {isa = PBXBuildFile; fileRef = 94DC72E4230FD907006E814E /* AddressTextView.swift */; };
		94DC72E9230FD947006E814E /* UIViewController+Extensions.swift in Sources */ = {isa = PBXBuildFile; fileRef = 94DC72E8230FD947006E814E /* UIViewController+Extensions.swift */; };
		94DC7352231004A0006E814E /* OrderCoreDataModel.xcdatamodeld in Sources */ = {isa = PBXBuildFile; fileRef = 94DC7350231004A0006E814E /* OrderCoreDataModel.xcdatamodeld */; };
		A42117932309A40B00792F47 /* DrinkDetailModel.swift in Sources */ = {isa = PBXBuildFile; fileRef = A42117922309A40B00792F47 /* DrinkDetailModel.swift */; };
		A48CC2522305AE240057000E /* DrinkTableViewCell.swift in Sources */ = {isa = PBXBuildFile; fileRef = A48CC2512305AE240057000E /* DrinkTableViewCell.swift */; };
		A4A4F5D423142DDF0033C5AF /* CoreDataStoreProtocol.swift in Sources */ = {isa = PBXBuildFile; fileRef = A4A4F5D323142DDF0033C5AF /* CoreDataStoreProtocol.swift */; };
		A4A4F5D9231434690033C5AF /* UserManagement.storyboard in Resources */ = {isa = PBXBuildFile; fileRef = A4A4F5D8231434690033C5AF /* UserManagement.storyboard */; };
		A4A4F5DD2314378A0033C5AF /* UserManagementViewController.swift in Sources */ = {isa = PBXBuildFile; fileRef = A4A4F5DA231434B40033C5AF /* UserManagementViewController.swift */; };
		A4A4F5E3231439D40033C5AF /* UserManagementPresenter.swift in Sources */ = {isa = PBXBuildFile; fileRef = A4A4F5E2231439D40033C5AF /* UserManagementPresenter.swift */; };
		A4A4F5E5231439EC0033C5AF /* UserManagementViewInput.swift in Sources */ = {isa = PBXBuildFile; fileRef = A4A4F5E4231439EC0033C5AF /* UserManagementViewInput.swift */; };
		A4A4F5E723143A0C0033C5AF /* UserManagementViewOutput.swift in Sources */ = {isa = PBXBuildFile; fileRef = A4A4F5E623143A0C0033C5AF /* UserManagementViewOutput.swift */; };
		A4A4F5E923143A250033C5AF /* UserManagementConfigurator.swift in Sources */ = {isa = PBXBuildFile; fileRef = A4A4F5E823143A250033C5AF /* UserManagementConfigurator.swift */; };
		A4A4F5EB23143A3A0033C5AF /* UserManagementInteractor.swift in Sources */ = {isa = PBXBuildFile; fileRef = A4A4F5EA23143A3A0033C5AF /* UserManagementInteractor.swift */; };
		A4A4F5ED23143A4C0033C5AF /* UserManagementInteractorInput.swift in Sources */ = {isa = PBXBuildFile; fileRef = A4A4F5EC23143A4C0033C5AF /* UserManagementInteractorInput.swift */; };
		A4A4F5EF23143A5A0033C5AF /* UserManagementInteractorOutput.swift in Sources */ = {isa = PBXBuildFile; fileRef = A4A4F5EE23143A5A0033C5AF /* UserManagementInteractorOutput.swift */; };
		A4A4F5F123143A690033C5AF /* UserManagementRouter.swift in Sources */ = {isa = PBXBuildFile; fileRef = A4A4F5F023143A690033C5AF /* UserManagementRouter.swift */; };
		A4A4F5F323143A750033C5AF /* UserManagementRouterInput.swift in Sources */ = {isa = PBXBuildFile; fileRef = A4A4F5F223143A750033C5AF /* UserManagementRouterInput.swift */; };
		B485A6305376104DEDEFC7A0 /* DrinkDetailInteractorInput.swift in Sources */ = {isa = PBXBuildFile; fileRef = 04A5F7C2FF4923D82E97404A /* DrinkDetailInteractorInput.swift */; };
		C51D7D262824518E3EA989F5 /* DrinkDetailViewInput.swift in Sources */ = {isa = PBXBuildFile; fileRef = B1D20DEC0C9C41488CCB48D6 /* DrinkDetailViewInput.swift */; };
		DCDA4FD5508D83AF4EF11051 /* DrinkDetailConfigurator.swift in Sources */ = {isa = PBXBuildFile; fileRef = C463486532FE70D1236E1D89 /* DrinkDetailConfigurator.swift */; };
/* End PBXBuildFile section */

/* Begin PBXFileReference section */
		04A5F7C2FF4923D82E97404A /* DrinkDetailInteractorInput.swift */ = {isa = PBXFileReference; includeInIndex = 1; lastKnownFileType = sourcecode.swift; path = DrinkDetailInteractorInput.swift; sourceTree = "<group>"; };
		0A1A68DE6F5C05FEDB57D5C8 /* Pods-CleanBuddyCoffee.debug.xcconfig */ = {isa = PBXFileReference; includeInIndex = 1; lastKnownFileType = text.xcconfig; name = "Pods-CleanBuddyCoffee.debug.xcconfig"; path = "Target Support Files/Pods-CleanBuddyCoffee/Pods-CleanBuddyCoffee.debug.xcconfig"; sourceTree = "<group>"; };
		5E881DC398B8AA84AC744F32 /* DrinkDetailModuleInput.swift */ = {isa = PBXFileReference; includeInIndex = 1; lastKnownFileType = sourcecode.swift; path = DrinkDetailModuleInput.swift; sourceTree = "<group>"; };
		68639226B61F5F192142EB2E /* Pods-CleanBuddyCoffee.release.xcconfig */ = {isa = PBXFileReference; includeInIndex = 1; lastKnownFileType = text.xcconfig; name = "Pods-CleanBuddyCoffee.release.xcconfig"; path = "Target Support Files/Pods-CleanBuddyCoffee/Pods-CleanBuddyCoffee.release.xcconfig"; sourceTree = "<group>"; };
		8D80D4D56FB4E6A3BD21DB9E /* DrinkDetailViewOutput.swift */ = {isa = PBXFileReference; includeInIndex = 1; lastKnownFileType = sourcecode.swift; path = DrinkDetailViewOutput.swift; sourceTree = "<group>"; };
		940D4671230AD47E00F20C22 /* CartItemCell.swift */ = {isa = PBXFileReference; lastKnownFileType = sourcecode.swift; path = CartItemCell.swift; sourceTree = "<group>"; };
		9417037A230AB1CA00BADB90 /* CartPresenter.swift */ = {isa = PBXFileReference; lastKnownFileType = sourcecode.swift; path = CartPresenter.swift; sourceTree = "<group>"; };
		9417037C230AB1CA00BADB90 /* CartViewController.swift */ = {isa = PBXFileReference; lastKnownFileType = sourcecode.swift; path = CartViewController.swift; sourceTree = "<group>"; };
		9417037D230AB1CA00BADB90 /* CartViewInput.swift */ = {isa = PBXFileReference; lastKnownFileType = sourcecode.swift; path = CartViewInput.swift; sourceTree = "<group>"; };
		9417037E230AB1CA00BADB90 /* CartViewOutput.swift */ = {isa = PBXFileReference; lastKnownFileType = sourcecode.swift; path = CartViewOutput.swift; sourceTree = "<group>"; };
		94170380230AB1CA00BADB90 /* CartConfigurator.swift */ = {isa = PBXFileReference; lastKnownFileType = sourcecode.swift; path = CartConfigurator.swift; sourceTree = "<group>"; };
		94170383230AB1CA00BADB90 /* CartInteractor.swift */ = {isa = PBXFileReference; lastKnownFileType = sourcecode.swift; path = CartInteractor.swift; sourceTree = "<group>"; };
		94170384230AB1CA00BADB90 /* CartInteractorInput.swift */ = {isa = PBXFileReference; lastKnownFileType = sourcecode.swift; path = CartInteractorInput.swift; sourceTree = "<group>"; };
		94170385230AB1CA00BADB90 /* CartInteractorOutput.swift */ = {isa = PBXFileReference; lastKnownFileType = sourcecode.swift; path = CartInteractorOutput.swift; sourceTree = "<group>"; };
		94170387230AB1CA00BADB90 /* CartRouter.swift */ = {isa = PBXFileReference; lastKnownFileType = sourcecode.swift; path = CartRouter.swift; sourceTree = "<group>"; };
		94170388230AB1CA00BADB90 /* CartRouterInput.swift */ = {isa = PBXFileReference; lastKnownFileType = sourcecode.swift; path = CartRouterInput.swift; sourceTree = "<group>"; };
		94170389230AB1EE00BADB90 /* Cart.storyboard */ = {isa = PBXFileReference; lastKnownFileType = file.storyboard; path = Cart.storyboard; sourceTree = "<group>"; };
		941847B32313C67600C94FB6 /* ModuleDependency.swift */ = {isa = PBXFileReference; lastKnownFileType = sourcecode.swift; path = ModuleDependency.swift; sourceTree = "<group>"; };
		941847B52313DC9100C94FB6 /* AppBuilderDelegate.swift */ = {isa = PBXFileReference; lastKnownFileType = sourcecode.swift; path = AppBuilderDelegate.swift; sourceTree = "<group>"; };
		9451814523140E9B00E1706D /* Order+CoreDataClass.swift */ = {isa = PBXFileReference; fileEncoding = 4; lastKnownFileType = sourcecode.swift; path = "Order+CoreDataClass.swift"; sourceTree = SOURCE_ROOT; };
		9451814723140EC600E1706D /* Order+CoreDataProperties.swift */ = {isa = PBXFileReference; fileEncoding = 4; lastKnownFileType = sourcecode.swift; path = "Order+CoreDataProperties.swift"; sourceTree = SOURCE_ROOT; };
		9490DD13230566A7006A03E8 /* CleanBuddyCoffee.app */ = {isa = PBXFileReference; explicitFileType = wrapper.application; includeInIndex = 0; path = CleanBuddyCoffee.app; sourceTree = BUILT_PRODUCTS_DIR; };
		9490DD16230566A7006A03E8 /* AppDelegate.swift */ = {isa = PBXFileReference; lastKnownFileType = sourcecode.swift; path = AppDelegate.swift; sourceTree = "<group>"; };
		9490DD1D230566A8006A03E8 /* Assets.xcassets */ = {isa = PBXFileReference; lastKnownFileType = folder.assetcatalog; path = Assets.xcassets; sourceTree = "<group>"; };
		9490DD20230566A8006A03E8 /* Base */ = {isa = PBXFileReference; lastKnownFileType = file.storyboard; name = Base; path = Base.lproj/LaunchScreen.storyboard; sourceTree = "<group>"; };
		9490DD22230566A8006A03E8 /* Info.plist */ = {isa = PBXFileReference; lastKnownFileType = text.plist.xml; path = Info.plist; sourceTree = "<group>"; };
		9490DD28230567D2006A03E8 /* GoogleService-Info.plist */ = {isa = PBXFileReference; fileEncoding = 4; lastKnownFileType = text.plist.xml; path = "GoogleService-Info.plist"; sourceTree = "<group>"; };
		9490DD2D23056F4C006A03E8 /* ListDrinksModuleInput.swift */ = {isa = PBXFileReference; fileEncoding = 4; lastKnownFileType = sourcecode.swift; path = ListDrinksModuleInput.swift; sourceTree = "<group>"; };
		9490DD2E23056F4C006A03E8 /* ListDrinksPresenter.swift */ = {isa = PBXFileReference; fileEncoding = 4; lastKnownFileType = sourcecode.swift; path = ListDrinksPresenter.swift; sourceTree = "<group>"; };
		9490DD3023056F4C006A03E8 /* ListDrinksViewOutput.swift */ = {isa = PBXFileReference; fileEncoding = 4; lastKnownFileType = sourcecode.swift; path = ListDrinksViewOutput.swift; sourceTree = "<group>"; };
		9490DD3123056F4C006A03E8 /* ListDrinksViewInput.swift */ = {isa = PBXFileReference; fileEncoding = 4; lastKnownFileType = sourcecode.swift; path = ListDrinksViewInput.swift; sourceTree = "<group>"; };
		9490DD3223056F4C006A03E8 /* ListDrinksViewController.swift */ = {isa = PBXFileReference; fileEncoding = 4; lastKnownFileType = sourcecode.swift; path = ListDrinksViewController.swift; sourceTree = "<group>"; };
		9490DD3423056F4C006A03E8 /* ListDrinksConfigurator.swift */ = {isa = PBXFileReference; fileEncoding = 4; lastKnownFileType = sourcecode.swift; path = ListDrinksConfigurator.swift; sourceTree = "<group>"; };
		9490DD3723056F4C006A03E8 /* ListDrinksInteractorInput.swift */ = {isa = PBXFileReference; fileEncoding = 4; lastKnownFileType = sourcecode.swift; path = ListDrinksInteractorInput.swift; sourceTree = "<group>"; };
		9490DD3823056F4C006A03E8 /* ListDrinksInteractorOutput.swift */ = {isa = PBXFileReference; fileEncoding = 4; lastKnownFileType = sourcecode.swift; path = ListDrinksInteractorOutput.swift; sourceTree = "<group>"; };
		9490DD3923056F4C006A03E8 /* ListDrinksInteractor.swift */ = {isa = PBXFileReference; fileEncoding = 4; lastKnownFileType = sourcecode.swift; path = ListDrinksInteractor.swift; sourceTree = "<group>"; };
		9490DD3B23056F4C006A03E8 /* ListDrinksRouterInput.swift */ = {isa = PBXFileReference; fileEncoding = 4; lastKnownFileType = sourcecode.swift; path = ListDrinksRouterInput.swift; sourceTree = "<group>"; };
		9490DD3C23056F4C006A03E8 /* ListDrinksRouter.swift */ = {isa = PBXFileReference; fileEncoding = 4; lastKnownFileType = sourcecode.swift; path = ListDrinksRouter.swift; sourceTree = "<group>"; };
		9490DD4D230570B9006A03E8 /* AppBuilder.swift */ = {isa = PBXFileReference; fileEncoding = 4; lastKnownFileType = sourcecode.swift; path = AppBuilder.swift; sourceTree = "<group>"; };
		9490DD56230572E6006A03E8 /* ListDrinks.storyboard */ = {isa = PBXFileReference; lastKnownFileType = file.storyboard; path = ListDrinks.storyboard; sourceTree = "<group>"; };
		9490DD5823057411006A03E8 /* ListDrinksModel.swift */ = {isa = PBXFileReference; lastKnownFileType = sourcecode.swift; path = ListDrinksModel.swift; sourceTree = "<group>"; };
		94B58B562313FE9C00534D7C /* CoreDataStore.swift */ = {isa = PBXFileReference; lastKnownFileType = sourcecode.swift; path = CoreDataStore.swift; sourceTree = "<group>"; };
		94DC728C230FD688006E814E /* SetAddressOnMapPresenter.swift */ = {isa = PBXFileReference; fileEncoding = 4; lastKnownFileType = sourcecode.swift; path = SetAddressOnMapPresenter.swift; sourceTree = "<group>"; };
		94DC728E230FD688006E814E /* SetAddressOnMapViewOutput.swift */ = {isa = PBXFileReference; fileEncoding = 4; lastKnownFileType = sourcecode.swift; path = SetAddressOnMapViewOutput.swift; sourceTree = "<group>"; };
		94DC728F230FD688006E814E /* SetAddressOnMapViewController.swift */ = {isa = PBXFileReference; fileEncoding = 4; lastKnownFileType = sourcecode.swift; path = SetAddressOnMapViewController.swift; sourceTree = "<group>"; };
		94DC7290230FD688006E814E /* SetAddressOnMapViewInput.swift */ = {isa = PBXFileReference; fileEncoding = 4; lastKnownFileType = sourcecode.swift; path = SetAddressOnMapViewInput.swift; sourceTree = "<group>"; };
		94DC7292230FD688006E814E /* SetAddressOnMapConfigurator.swift */ = {isa = PBXFileReference; fileEncoding = 4; lastKnownFileType = sourcecode.swift; path = SetAddressOnMapConfigurator.swift; sourceTree = "<group>"; };
		94DC7295230FD688006E814E /* SetAddressOnMapInteractor.swift */ = {isa = PBXFileReference; fileEncoding = 4; lastKnownFileType = sourcecode.swift; path = SetAddressOnMapInteractor.swift; sourceTree = "<group>"; };
		94DC7296230FD688006E814E /* SetAddressOnMapInteractorOutput.swift */ = {isa = PBXFileReference; fileEncoding = 4; lastKnownFileType = sourcecode.swift; path = SetAddressOnMapInteractorOutput.swift; sourceTree = "<group>"; };
		94DC7297230FD688006E814E /* SetAddressOnMapInteractorInput.swift */ = {isa = PBXFileReference; fileEncoding = 4; lastKnownFileType = sourcecode.swift; path = SetAddressOnMapInteractorInput.swift; sourceTree = "<group>"; };
		94DC7298230FD688006E814E /* SetAddressOnMap.storyboard */ = {isa = PBXFileReference; fileEncoding = 4; lastKnownFileType = file.storyboard; path = SetAddressOnMap.storyboard; sourceTree = "<group>"; };
		94DC729A230FD688006E814E /* SetAddressOnMapRouterInput.swift */ = {isa = PBXFileReference; fileEncoding = 4; lastKnownFileType = sourcecode.swift; path = SetAddressOnMapRouterInput.swift; sourceTree = "<group>"; };
		94DC729B230FD688006E814E /* SetAddressOnMapRouter.swift */ = {isa = PBXFileReference; fileEncoding = 4; lastKnownFileType = sourcecode.swift; path = SetAddressOnMapRouter.swift; sourceTree = "<group>"; };
		94DC72A9230FD752006E814E /* LocalService.swift */ = {isa = PBXFileReference; fileEncoding = 4; lastKnownFileType = sourcecode.swift; path = LocalService.swift; sourceTree = "<group>"; };
		94DC72AA230FD752006E814E /* CartItem.swift */ = {isa = PBXFileReference; fileEncoding = 4; lastKnownFileType = sourcecode.swift; path = CartItem.swift; sourceTree = "<group>"; };
		94DC72AB230FD752006E814E /* LocalServiceProtocol.swift */ = {isa = PBXFileReference; fileEncoding = 4; lastKnownFileType = sourcecode.swift; path = LocalServiceProtocol.swift; sourceTree = "<group>"; };
		94DC72B4230FD7A6006E814E /* RemoteServiceProtocol.swift */ = {isa = PBXFileReference; fileEncoding = 4; lastKnownFileType = sourcecode.swift; path = RemoteServiceProtocol.swift; sourceTree = "<group>"; };
		94DC72B5230FD7A6006E814E /* RemoteService.swift */ = {isa = PBXFileReference; fileEncoding = 4; lastKnownFileType = sourcecode.swift; path = RemoteService.swift; sourceTree = "<group>"; };
		94DC72BD230FD8AF006E814E /* DeliveryAddressModel.swift */ = {isa = PBXFileReference; fileEncoding = 4; lastKnownFileType = sourcecode.swift; path = DeliveryAddressModel.swift; sourceTree = "<group>"; };
		94DC72BF230FD8AF006E814E /* DeliveryAddressPresenter.swift */ = {isa = PBXFileReference; fileEncoding = 4; lastKnownFileType = sourcecode.swift; path = DeliveryAddressPresenter.swift; sourceTree = "<group>"; };
		94DC72C0230FD8AF006E814E /* DeliveryAddress.storyboard */ = {isa = PBXFileReference; fileEncoding = 4; lastKnownFileType = file.storyboard; path = DeliveryAddress.storyboard; sourceTree = "<group>"; };
		94DC72C2230FD8AF006E814E /* DeliveryAddressViewInput.swift */ = {isa = PBXFileReference; fileEncoding = 4; lastKnownFileType = sourcecode.swift; path = DeliveryAddressViewInput.swift; sourceTree = "<group>"; };
		94DC72C3230FD8AF006E814E /* DeliveryAddressViewController.swift */ = {isa = PBXFileReference; fileEncoding = 4; lastKnownFileType = sourcecode.swift; path = DeliveryAddressViewController.swift; sourceTree = "<group>"; };
		94DC72C4230FD8AF006E814E /* DeliveryAddressViewOutput.swift */ = {isa = PBXFileReference; fileEncoding = 4; lastKnownFileType = sourcecode.swift; path = DeliveryAddressViewOutput.swift; sourceTree = "<group>"; };
		94DC72C6230FD8AF006E814E /* DeliveryAddressConfigurator.swift */ = {isa = PBXFileReference; fileEncoding = 4; lastKnownFileType = sourcecode.swift; path = DeliveryAddressConfigurator.swift; sourceTree = "<group>"; };
		94DC72C9230FD8AF006E814E /* DeliveryAddressInteractorOutput.swift */ = {isa = PBXFileReference; fileEncoding = 4; lastKnownFileType = sourcecode.swift; path = DeliveryAddressInteractorOutput.swift; sourceTree = "<group>"; };
		94DC72CA230FD8AF006E814E /* DeliveryAddressInteractorInput.swift */ = {isa = PBXFileReference; fileEncoding = 4; lastKnownFileType = sourcecode.swift; path = DeliveryAddressInteractorInput.swift; sourceTree = "<group>"; };
		94DC72CB230FD8AF006E814E /* DeliveryAddressInteractor.swift */ = {isa = PBXFileReference; fileEncoding = 4; lastKnownFileType = sourcecode.swift; path = DeliveryAddressInteractor.swift; sourceTree = "<group>"; };
		94DC72CD230FD8AF006E814E /* DeliveryAddressRouterInput.swift */ = {isa = PBXFileReference; fileEncoding = 4; lastKnownFileType = sourcecode.swift; path = DeliveryAddressRouterInput.swift; sourceTree = "<group>"; };
		94DC72CE230FD8AF006E814E /* DeliveryAddressRouter.swift */ = {isa = PBXFileReference; fileEncoding = 4; lastKnownFileType = sourcecode.swift; path = DeliveryAddressRouter.swift; sourceTree = "<group>"; };
		94DC72DD230FD8E4006E814E /* UITextView+Extensions.swift */ = {isa = PBXFileReference; fileEncoding = 4; lastKnownFileType = sourcecode.swift; path = "UITextView+Extensions.swift"; sourceTree = "<group>"; };
		94DC72DE230FD8E4006E814E /* UITextField+Extensions.swift */ = {isa = PBXFileReference; fileEncoding = 4; lastKnownFileType = sourcecode.swift; path = "UITextField+Extensions.swift"; sourceTree = "<group>"; };
		94DC72E1230FD8F7006E814E /* Validators.swift */ = {isa = PBXFileReference; fileEncoding = 4; lastKnownFileType = sourcecode.swift; name = Validators.swift; path = "../../../BuddyCoffee/BuddyCoffee/View Controllers/Validators.swift"; sourceTree = "<group>"; };
		94DC72E4230FD907006E814E /* AddressTextView.swift */ = {isa = PBXFileReference; fileEncoding = 4; lastKnownFileType = sourcecode.swift; path = AddressTextView.swift; sourceTree = "<group>"; };
		94DC72E8230FD947006E814E /* UIViewController+Extensions.swift */ = {isa = PBXFileReference; lastKnownFileType = sourcecode.swift; path = "UIViewController+Extensions.swift"; sourceTree = "<group>"; };
		94DC7351231004A0006E814E /* OrderCoreDataModel.xcdatamodel */ = {isa = PBXFileReference; lastKnownFileType = wrapper.xcdatamodel; path = OrderCoreDataModel.xcdatamodel; sourceTree = "<group>"; };
		9E0A2A5E9EB3FF92B8887E9C /* DrinkDetailInteractor.swift */ = {isa = PBXFileReference; includeInIndex = 1; lastKnownFileType = sourcecode.swift; path = DrinkDetailInteractor.swift; sourceTree = "<group>"; };
		9F2926DB96B45D198CB29293 /* DrinkDetailRouter.swift */ = {isa = PBXFileReference; includeInIndex = 1; lastKnownFileType = sourcecode.swift; path = DrinkDetailRouter.swift; sourceTree = "<group>"; };
		A42117902309A02500792F47 /* DrinkDetail.storyboard */ = {isa = PBXFileReference; lastKnownFileType = file.storyboard; path = DrinkDetail.storyboard; sourceTree = "<group>"; };
		A42117922309A40B00792F47 /* DrinkDetailModel.swift */ = {isa = PBXFileReference; lastKnownFileType = sourcecode.swift; path = DrinkDetailModel.swift; sourceTree = "<group>"; };
		A48CC2512305AE240057000E /* DrinkTableViewCell.swift */ = {isa = PBXFileReference; fileEncoding = 4; lastKnownFileType = sourcecode.swift; path = DrinkTableViewCell.swift; sourceTree = "<group>"; };
		A4A4F5D323142DDF0033C5AF /* CoreDataStoreProtocol.swift */ = {isa = PBXFileReference; lastKnownFileType = sourcecode.swift; path = CoreDataStoreProtocol.swift; sourceTree = "<group>"; };
		A4A4F5D8231434690033C5AF /* UserManagement.storyboard */ = {isa = PBXFileReference; lastKnownFileType = file.storyboard; path = UserManagement.storyboard; sourceTree = "<group>"; };
		A4A4F5DA231434B40033C5AF /* UserManagementViewController.swift */ = {isa = PBXFileReference; lastKnownFileType = sourcecode.swift; path = UserManagementViewController.swift; sourceTree = "<group>"; };
		A4A4F5E2231439D40033C5AF /* UserManagementPresenter.swift */ = {isa = PBXFileReference; lastKnownFileType = sourcecode.swift; path = UserManagementPresenter.swift; sourceTree = "<group>"; };
		A4A4F5E4231439EC0033C5AF /* UserManagementViewInput.swift */ = {isa = PBXFileReference; lastKnownFileType = sourcecode.swift; path = UserManagementViewInput.swift; sourceTree = "<group>"; };
		A4A4F5E623143A0C0033C5AF /* UserManagementViewOutput.swift */ = {isa = PBXFileReference; lastKnownFileType = sourcecode.swift; path = UserManagementViewOutput.swift; sourceTree = "<group>"; };
		A4A4F5E823143A250033C5AF /* UserManagementConfigurator.swift */ = {isa = PBXFileReference; lastKnownFileType = sourcecode.swift; path = UserManagementConfigurator.swift; sourceTree = "<group>"; };
		A4A4F5EA23143A3A0033C5AF /* UserManagementInteractor.swift */ = {isa = PBXFileReference; lastKnownFileType = sourcecode.swift; path = UserManagementInteractor.swift; sourceTree = "<group>"; };
		A4A4F5EC23143A4C0033C5AF /* UserManagementInteractorInput.swift */ = {isa = PBXFileReference; lastKnownFileType = sourcecode.swift; path = UserManagementInteractorInput.swift; sourceTree = "<group>"; };
		A4A4F5EE23143A5A0033C5AF /* UserManagementInteractorOutput.swift */ = {isa = PBXFileReference; lastKnownFileType = sourcecode.swift; path = UserManagementInteractorOutput.swift; sourceTree = "<group>"; };
		A4A4F5F023143A690033C5AF /* UserManagementRouter.swift */ = {isa = PBXFileReference; lastKnownFileType = sourcecode.swift; path = UserManagementRouter.swift; sourceTree = "<group>"; };
		A4A4F5F223143A750033C5AF /* UserManagementRouterInput.swift */ = {isa = PBXFileReference; lastKnownFileType = sourcecode.swift; path = UserManagementRouterInput.swift; sourceTree = "<group>"; };
		B1D20DEC0C9C41488CCB48D6 /* DrinkDetailViewInput.swift */ = {isa = PBXFileReference; includeInIndex = 1; lastKnownFileType = sourcecode.swift; path = DrinkDetailViewInput.swift; sourceTree = "<group>"; };
		BCE56D779C4F2F1B178860B4 /* DrinkDetailPresenter.swift */ = {isa = PBXFileReference; includeInIndex = 1; lastKnownFileType = sourcecode.swift; path = DrinkDetailPresenter.swift; sourceTree = "<group>"; };
		C463486532FE70D1236E1D89 /* DrinkDetailConfigurator.swift */ = {isa = PBXFileReference; includeInIndex = 1; lastKnownFileType = sourcecode.swift; path = DrinkDetailConfigurator.swift; sourceTree = "<group>"; };
		C925A1F4513B1D7BDC9C4452 /* DrinkDetailInteractorOutput.swift */ = {isa = PBXFileReference; includeInIndex = 1; lastKnownFileType = sourcecode.swift; path = DrinkDetailInteractorOutput.swift; sourceTree = "<group>"; };
		D44985D331732E997F26520B /* Pods_CleanBuddyCoffee.framework */ = {isa = PBXFileReference; explicitFileType = wrapper.framework; includeInIndex = 0; path = Pods_CleanBuddyCoffee.framework; sourceTree = BUILT_PRODUCTS_DIR; };
		D807A463D5933CF917A608A3 /* DrinkDetailRouterInput.swift */ = {isa = PBXFileReference; includeInIndex = 1; lastKnownFileType = sourcecode.swift; path = DrinkDetailRouterInput.swift; sourceTree = "<group>"; };
		D9BC202F0C7D8149733730E0 /* DrinkDetailViewController.swift */ = {isa = PBXFileReference; includeInIndex = 1; lastKnownFileType = sourcecode.swift; path = DrinkDetailViewController.swift; sourceTree = "<group>"; };
/* End PBXFileReference section */

/* Begin PBXFrameworksBuildPhase section */
		9490DD10230566A7006A03E8 /* Frameworks */ = {
			isa = PBXFrameworksBuildPhase;
			buildActionMask = 2147483647;
			files = (
				7FD201E4EA2D01E28B92EFB3 /* Pods_CleanBuddyCoffee.framework in Frameworks */,
			);
			runOnlyForDeploymentPostprocessing = 0;
		};
/* End PBXFrameworksBuildPhase section */

/* Begin PBXGroup section */
		4FCDB53A7B3F0777FAB60218 /* Presenter */ = {
			isa = PBXGroup;
			children = (
				5E881DC398B8AA84AC744F32 /* DrinkDetailModuleInput.swift */,
				BCE56D779C4F2F1B178860B4 /* DrinkDetailPresenter.swift */,
			);
			path = Presenter;
			sourceTree = "<group>";
		};
		77A88AE3CB0D0F8A8F3123EB /* DrinkDetail */ = {
			isa = PBXGroup;
			children = (
				A42117902309A02500792F47 /* DrinkDetail.storyboard */,
				A42117922309A40B00792F47 /* DrinkDetailModel.swift */,
				C7F109AA25A6342C8856123A /* View */,
				4FCDB53A7B3F0777FAB60218 /* Presenter */,
				E987417C50BAC4B63C8ECC75 /* Interactor */,
				92F3FEB0D76B22497F6FEF74 /* Router */,
				9C6AE345B97E27AA9E5411A8 /* Configurator */,
			);
			path = DrinkDetail;
			sourceTree = "<group>";
		};
		82F7B6E112079DEFEDE5E717 /* Frameworks */ = {
			isa = PBXGroup;
			children = (
				D44985D331732E997F26520B /* Pods_CleanBuddyCoffee.framework */,
			);
			name = Frameworks;
			sourceTree = "<group>";
		};
		8AD55697FCA71AEB26E91105 /* Pods */ = {
			isa = PBXGroup;
			children = (
				0A1A68DE6F5C05FEDB57D5C8 /* Pods-CleanBuddyCoffee.debug.xcconfig */,
				68639226B61F5F192142EB2E /* Pods-CleanBuddyCoffee.release.xcconfig */,
			);
			path = Pods;
			sourceTree = "<group>";
		};
		92F3FEB0D76B22497F6FEF74 /* Router */ = {
			isa = PBXGroup;
			children = (
				D807A463D5933CF917A608A3 /* DrinkDetailRouterInput.swift */,
				9F2926DB96B45D198CB29293 /* DrinkDetailRouter.swift */,
			);
			path = Router;
			sourceTree = "<group>";
		};
		94170377230AB1CA00BADB90 /* Cart */ = {
			isa = PBXGroup;
			children = (
				94170389230AB1EE00BADB90 /* Cart.storyboard */,
				94170378230AB1CA00BADB90 /* Presenter */,
				9417037B230AB1CA00BADB90 /* View */,
				9417037F230AB1CA00BADB90 /* Configurator */,
				94170382230AB1CA00BADB90 /* Interactor */,
				94170386230AB1CA00BADB90 /* Router */,
			);
			path = Cart;
			sourceTree = "<group>";
		};
		94170378230AB1CA00BADB90 /* Presenter */ = {
			isa = PBXGroup;
			children = (
				9417037A230AB1CA00BADB90 /* CartPresenter.swift */,
			);
			path = Presenter;
			sourceTree = "<group>";
		};
		9417037B230AB1CA00BADB90 /* View */ = {
			isa = PBXGroup;
			children = (
				9417037C230AB1CA00BADB90 /* CartViewController.swift */,
				9417037D230AB1CA00BADB90 /* CartViewInput.swift */,
				9417037E230AB1CA00BADB90 /* CartViewOutput.swift */,
				940D4671230AD47E00F20C22 /* CartItemCell.swift */,
			);
			path = View;
			sourceTree = "<group>";
		};
		9417037F230AB1CA00BADB90 /* Configurator */ = {
			isa = PBXGroup;
			children = (
				94170380230AB1CA00BADB90 /* CartConfigurator.swift */,
			);
			path = Configurator;
			sourceTree = "<group>";
		};
		94170382230AB1CA00BADB90 /* Interactor */ = {
			isa = PBXGroup;
			children = (
				94170383230AB1CA00BADB90 /* CartInteractor.swift */,
				94170384230AB1CA00BADB90 /* CartInteractorInput.swift */,
				94170385230AB1CA00BADB90 /* CartInteractorOutput.swift */,
			);
			path = Interactor;
			sourceTree = "<group>";
		};
		94170386230AB1CA00BADB90 /* Router */ = {
			isa = PBXGroup;
			children = (
				94170387230AB1CA00BADB90 /* CartRouter.swift */,
				94170388230AB1CA00BADB90 /* CartRouterInput.swift */,
			);
			path = Router;
			sourceTree = "<group>";
		};
		9417038B230AB29900BADB90 /* CoreData */ = {
			isa = PBXGroup;
			children = (
				94DC7350231004A0006E814E /* OrderCoreDataModel.xcdatamodeld */,
				9451814723140EC600E1706D /* Order+CoreDataProperties.swift */,
				9451814523140E9B00E1706D /* Order+CoreDataClass.swift */,
				94B58B562313FE9C00534D7C /* CoreDataStore.swift */,
				A4A4F5D323142DDF0033C5AF /* CoreDataStoreProtocol.swift */,
			);
			path = CoreData;
			sourceTree = "<group>";
		};
		9490DD0A230566A7006A03E8 = {
			isa = PBXGroup;
			children = (
				9490DD15230566A7006A03E8 /* CleanBuddyCoffee */,
				9490DD14230566A7006A03E8 /* Products */,
				8AD55697FCA71AEB26E91105 /* Pods */,
				82F7B6E112079DEFEDE5E717 /* Frameworks */,
				B82A7F03C3716820F5290111 /* Modules */,
			);
			sourceTree = "<group>";
		};
		9490DD14230566A7006A03E8 /* Products */ = {
			isa = PBXGroup;
			children = (
				9490DD13230566A7006A03E8 /* CleanBuddyCoffee.app */,
			);
			name = Products;
			sourceTree = "<group>";
		};
		9490DD15230566A7006A03E8 /* CleanBuddyCoffee */ = {
			isa = PBXGroup;
			children = (
				9490DD5A23057555006A03E8 /* Services */,
				9490DD4923057094006A03E8 /* Common */,
				9490DD2A23056F4C006A03E8 /* Modules */,
				9490DD28230567D2006A03E8 /* GoogleService-Info.plist */,
				9490DD16230566A7006A03E8 /* AppDelegate.swift */,
				9490DD1D230566A8006A03E8 /* Assets.xcassets */,
				9490DD1F230566A8006A03E8 /* LaunchScreen.storyboard */,
				9490DD22230566A8006A03E8 /* Info.plist */,
			);
			path = CleanBuddyCoffee;
			sourceTree = "<group>";
		};
		9490DD2A23056F4C006A03E8 /* Modules */ = {
			isa = PBXGroup;
			children = (
				9490DD4C230570B9006A03E8 /* Main */,
				9490DD2B23056F4C006A03E8 /* ListDrinks */,
				77A88AE3CB0D0F8A8F3123EB /* DrinkDetail */,
				94170377230AB1CA00BADB90 /* Cart */,
				94DC72BC230FD8AF006E814E /* EnterDeliveryAddress */,
				94DC728A230FD688006E814E /* SetAddressOnMap */,
				A4A4F5D7231433EB0033C5AF /* UserManagement */,
			);
			path = Modules;
			sourceTree = SOURCE_ROOT;
		};
		9490DD2B23056F4C006A03E8 /* ListDrinks */ = {
			isa = PBXGroup;
			children = (
				9490DD56230572E6006A03E8 /* ListDrinks.storyboard */,
				9490DD5823057411006A03E8 /* ListDrinksModel.swift */,
				9490DD2C23056F4C006A03E8 /* Presenter */,
				9490DD2F23056F4C006A03E8 /* View */,
				9490DD3323056F4C006A03E8 /* Configurator */,
				9490DD3623056F4C006A03E8 /* Interactor */,
				9490DD3A23056F4C006A03E8 /* Router */,
			);
			path = ListDrinks;
			sourceTree = "<group>";
		};
		9490DD2C23056F4C006A03E8 /* Presenter */ = {
			isa = PBXGroup;
			children = (
				9490DD2D23056F4C006A03E8 /* ListDrinksModuleInput.swift */,
				9490DD2E23056F4C006A03E8 /* ListDrinksPresenter.swift */,
			);
			path = Presenter;
			sourceTree = "<group>";
		};
		9490DD2F23056F4C006A03E8 /* View */ = {
			isa = PBXGroup;
			children = (
				A48CC2512305AE240057000E /* DrinkTableViewCell.swift */,
				9490DD3023056F4C006A03E8 /* ListDrinksViewOutput.swift */,
				9490DD3123056F4C006A03E8 /* ListDrinksViewInput.swift */,
				9490DD3223056F4C006A03E8 /* ListDrinksViewController.swift */,
			);
			path = View;
			sourceTree = "<group>";
		};
		9490DD3323056F4C006A03E8 /* Configurator */ = {
			isa = PBXGroup;
			children = (
				9490DD3423056F4C006A03E8 /* ListDrinksConfigurator.swift */,
			);
			path = Configurator;
			sourceTree = "<group>";
		};
		9490DD3623056F4C006A03E8 /* Interactor */ = {
			isa = PBXGroup;
			children = (
				9490DD3723056F4C006A03E8 /* ListDrinksInteractorInput.swift */,
				9490DD3823056F4C006A03E8 /* ListDrinksInteractorOutput.swift */,
				9490DD3923056F4C006A03E8 /* ListDrinksInteractor.swift */,
			);
			path = Interactor;
			sourceTree = "<group>";
		};
		9490DD3A23056F4C006A03E8 /* Router */ = {
			isa = PBXGroup;
			children = (
				9490DD3B23056F4C006A03E8 /* ListDrinksRouterInput.swift */,
				9490DD3C23056F4C006A03E8 /* ListDrinksRouter.swift */,
			);
			path = Router;
			sourceTree = "<group>";
		};
		9490DD4923057094006A03E8 /* Common */ = {
			isa = PBXGroup;
			children = (
				94DC72E3230FD907006E814E /* Views */,
				94DC72DC230FD8E4006E814E /* Extensions */,
				941847B32313C67600C94FB6 /* ModuleDependency.swift */,
				94DC72E1230FD8F7006E814E /* Validators.swift */,
			);
			path = Common;
			sourceTree = "<group>";
		};
		9490DD4C230570B9006A03E8 /* Main */ = {
			isa = PBXGroup;
			children = (
				9490DD4D230570B9006A03E8 /* AppBuilder.swift */,
				941847B52313DC9100C94FB6 /* AppBuilderDelegate.swift */,
			);
			path = Main;
			sourceTree = "<group>";
		};
		9490DD5A23057555006A03E8 /* Services */ = {
			isa = PBXGroup;
			children = (
				94DC72A8230FD752006E814E /* Local */,
				94DC72AF230FD7A6006E814E /* Remote */,
			);
			path = Services;
			sourceTree = "<group>";
		};
		94DC728A230FD688006E814E /* SetAddressOnMap */ = {
			isa = PBXGroup;
			children = (
				94DC7298230FD688006E814E /* SetAddressOnMap.storyboard */,
				94DC728B230FD688006E814E /* Presenter */,
				94DC728D230FD688006E814E /* View */,
				94DC7291230FD688006E814E /* Configurator */,
				94DC7294230FD688006E814E /* Interactor */,
				94DC7299230FD688006E814E /* Router */,
			);
			path = SetAddressOnMap;
			sourceTree = "<group>";
		};
		94DC728B230FD688006E814E /* Presenter */ = {
			isa = PBXGroup;
			children = (
				94DC728C230FD688006E814E /* SetAddressOnMapPresenter.swift */,
			);
			path = Presenter;
			sourceTree = "<group>";
		};
		94DC728D230FD688006E814E /* View */ = {
			isa = PBXGroup;
			children = (
				94DC728E230FD688006E814E /* SetAddressOnMapViewOutput.swift */,
				94DC728F230FD688006E814E /* SetAddressOnMapViewController.swift */,
				94DC7290230FD688006E814E /* SetAddressOnMapViewInput.swift */,
			);
			path = View;
			sourceTree = "<group>";
		};
		94DC7291230FD688006E814E /* Configurator */ = {
			isa = PBXGroup;
			children = (
				94DC7292230FD688006E814E /* SetAddressOnMapConfigurator.swift */,
			);
			path = Configurator;
			sourceTree = "<group>";
		};
		94DC7294230FD688006E814E /* Interactor */ = {
			isa = PBXGroup;
			children = (
				94DC7295230FD688006E814E /* SetAddressOnMapInteractor.swift */,
				94DC7296230FD688006E814E /* SetAddressOnMapInteractorOutput.swift */,
				94DC7297230FD688006E814E /* SetAddressOnMapInteractorInput.swift */,
			);
			path = Interactor;
			sourceTree = "<group>";
		};
		94DC7299230FD688006E814E /* Router */ = {
			isa = PBXGroup;
			children = (
				94DC729A230FD688006E814E /* SetAddressOnMapRouterInput.swift */,
				94DC729B230FD688006E814E /* SetAddressOnMapRouter.swift */,
			);
			path = Router;
			sourceTree = "<group>";
		};
		94DC72A8230FD752006E814E /* Local */ = {
			isa = PBXGroup;
			children = (
				94FEC59423128EBC00BFAC2C /* Models */,
				9417038B230AB29900BADB90 /* CoreData */,
				94DC72A9230FD752006E814E /* LocalService.swift */,
				94DC72AB230FD752006E814E /* LocalServiceProtocol.swift */,
			);
			path = Local;
			sourceTree = "<group>";
		};
		94DC72AF230FD7A6006E814E /* Remote */ = {
			isa = PBXGroup;
			children = (
				94DC72B4230FD7A6006E814E /* RemoteServiceProtocol.swift */,
				94DC72B5230FD7A6006E814E /* RemoteService.swift */,
			);
			path = Remote;
			sourceTree = "<group>";
		};
		94DC72BC230FD8AF006E814E /* EnterDeliveryAddress */ = {
			isa = PBXGroup;
			children = (
				94DC72C0230FD8AF006E814E /* DeliveryAddress.storyboard */,
				94DC72BD230FD8AF006E814E /* DeliveryAddressModel.swift */,
				94DC72BE230FD8AF006E814E /* Presenter */,
				94DC72C1230FD8AF006E814E /* View */,
				94DC72C5230FD8AF006E814E /* Configurator */,
				94DC72C8230FD8AF006E814E /* Interactor */,
				94DC72CC230FD8AF006E814E /* Router */,
			);
			path = EnterDeliveryAddress;
			sourceTree = "<group>";
		};
		94DC72BE230FD8AF006E814E /* Presenter */ = {
			isa = PBXGroup;
			children = (
				94DC72BF230FD8AF006E814E /* DeliveryAddressPresenter.swift */,
			);
			path = Presenter;
			sourceTree = "<group>";
		};
		94DC72C1230FD8AF006E814E /* View */ = {
			isa = PBXGroup;
			children = (
				94DC72C3230FD8AF006E814E /* DeliveryAddressViewController.swift */,
				94DC72C2230FD8AF006E814E /* DeliveryAddressViewInput.swift */,
				94DC72C4230FD8AF006E814E /* DeliveryAddressViewOutput.swift */,
			);
			path = View;
			sourceTree = "<group>";
		};
		94DC72C5230FD8AF006E814E /* Configurator */ = {
			isa = PBXGroup;
			children = (
				94DC72C6230FD8AF006E814E /* DeliveryAddressConfigurator.swift */,
			);
			path = Configurator;
			sourceTree = "<group>";
		};
		94DC72C8230FD8AF006E814E /* Interactor */ = {
			isa = PBXGroup;
			children = (
				94DC72C9230FD8AF006E814E /* DeliveryAddressInteractorOutput.swift */,
				94DC72CA230FD8AF006E814E /* DeliveryAddressInteractorInput.swift */,
				94DC72CB230FD8AF006E814E /* DeliveryAddressInteractor.swift */,
			);
			path = Interactor;
			sourceTree = "<group>";
		};
		94DC72CC230FD8AF006E814E /* Router */ = {
			isa = PBXGroup;
			children = (
				94DC72CD230FD8AF006E814E /* DeliveryAddressRouterInput.swift */,
				94DC72CE230FD8AF006E814E /* DeliveryAddressRouter.swift */,
			);
			path = Router;
			sourceTree = "<group>";
		};
		94DC72DC230FD8E4006E814E /* Extensions */ = {
			isa = PBXGroup;
			children = (
				94DC72DD230FD8E4006E814E /* UITextView+Extensions.swift */,
				94DC72DE230FD8E4006E814E /* UITextField+Extensions.swift */,
				94DC72E8230FD947006E814E /* UIViewController+Extensions.swift */,
			);
			name = Extensions;
			path = ../../../BuddyCoffee/BuddyCoffee/Extensions;
			sourceTree = "<group>";
		};
		94DC72E3230FD907006E814E /* Views */ = {
			isa = PBXGroup;
			children = (
				94DC72E4230FD907006E814E /* AddressTextView.swift */,
			);
			name = Views;
			path = ../../../BuddyCoffee/BuddyCoffee/Views;
			sourceTree = "<group>";
		};
		94FEC59423128EBC00BFAC2C /* Models */ = {
			isa = PBXGroup;
			children = (
				94DC72AA230FD752006E814E /* CartItem.swift */,
			);
			path = Models;
			sourceTree = "<group>";
		};
		9C6AE345B97E27AA9E5411A8 /* Configurator */ = {
			isa = PBXGroup;
			children = (
				C463486532FE70D1236E1D89 /* DrinkDetailConfigurator.swift */,
			);
			path = Configurator;
			sourceTree = "<group>";
		};
		A4A4F5D7231433EB0033C5AF /* UserManagement */ = {
			isa = PBXGroup;
			children = (
				A4A4F5D8231434690033C5AF /* UserManagement.storyboard */,
				A4A4F5DE231438D40033C5AF /* Presenter */,
				A4A4F5DC231434B80033C5AF /* View */,
				A4A4F5E0231438E50033C5AF /* Configurator */,
				A4A4F5DF231438DA0033C5AF /* Interactor */,
				A4A4F5E1231438F30033C5AF /* Router */,
			);
			path = UserManagement;
			sourceTree = "<group>";
		};
		A4A4F5DC231434B80033C5AF /* View */ = {
			isa = PBXGroup;
			children = (
				A4A4F5DA231434B40033C5AF /* UserManagementViewController.swift */,
				A4A4F5E4231439EC0033C5AF /* UserManagementViewInput.swift */,
				A4A4F5E623143A0C0033C5AF /* UserManagementViewOutput.swift */,
			);
			path = View;
			sourceTree = "<group>";
		};
		A4A4F5DE231438D40033C5AF /* Presenter */ = {
			isa = PBXGroup;
			children = (
				A4A4F5E2231439D40033C5AF /* UserManagementPresenter.swift */,
			);
			path = Presenter;
			sourceTree = "<group>";
		};
		A4A4F5DF231438DA0033C5AF /* Interactor */ = {
			isa = PBXGroup;
			children = (
				A4A4F5EA23143A3A0033C5AF /* UserManagementInteractor.swift */,
				A4A4F5EC23143A4C0033C5AF /* UserManagementInteractorInput.swift */,
				A4A4F5EE23143A5A0033C5AF /* UserManagementInteractorOutput.swift */,
			);
			path = Interactor;
			sourceTree = "<group>";
		};
		A4A4F5E0231438E50033C5AF /* Configurator */ = {
			isa = PBXGroup;
			children = (
				A4A4F5E823143A250033C5AF /* UserManagementConfigurator.swift */,
			);
			path = Configurator;
			sourceTree = "<group>";
		};
		A4A4F5E1231438F30033C5AF /* Router */ = {
			isa = PBXGroup;
			children = (
				A4A4F5F023143A690033C5AF /* UserManagementRouter.swift */,
				A4A4F5F223143A750033C5AF /* UserManagementRouterInput.swift */,
			);
			path = Router;
			sourceTree = "<group>";
		};
		B82A7F03C3716820F5290111 /* Modules */ = {
			isa = PBXGroup;
			children = (
			);
			path = Modules;
			sourceTree = "<group>";
		};
		C7F109AA25A6342C8856123A /* View */ = {
			isa = PBXGroup;
			children = (
				B1D20DEC0C9C41488CCB48D6 /* DrinkDetailViewInput.swift */,
				8D80D4D56FB4E6A3BD21DB9E /* DrinkDetailViewOutput.swift */,
				D9BC202F0C7D8149733730E0 /* DrinkDetailViewController.swift */,
			);
			path = View;
			sourceTree = "<group>";
		};
		E987417C50BAC4B63C8ECC75 /* Interactor */ = {
			isa = PBXGroup;
			children = (
				04A5F7C2FF4923D82E97404A /* DrinkDetailInteractorInput.swift */,
				C925A1F4513B1D7BDC9C4452 /* DrinkDetailInteractorOutput.swift */,
				9E0A2A5E9EB3FF92B8887E9C /* DrinkDetailInteractor.swift */,
			);
			path = Interactor;
			sourceTree = "<group>";
		};
/* End PBXGroup section */

/* Begin PBXNativeTarget section */
		9490DD12230566A7006A03E8 /* CleanBuddyCoffee */ = {
			isa = PBXNativeTarget;
			buildConfigurationList = 9490DD25230566A8006A03E8 /* Build configuration list for PBXNativeTarget "CleanBuddyCoffee" */;
			buildPhases = (
				A5BB0638363CA8543AF67E67 /* [CP] Check Pods Manifest.lock */,
				9490DD0F230566A7006A03E8 /* Sources */,
				9490DD10230566A7006A03E8 /* Frameworks */,
				9490DD11230566A7006A03E8 /* Resources */,
				28609CAF0E2058B61F1F39CE /* [CP] Embed Pods Frameworks */,
			);
			buildRules = (
			);
			dependencies = (
			);
			name = CleanBuddyCoffee;
			productName = CleanBuddyCoffee;
			productReference = 9490DD13230566A7006A03E8 /* CleanBuddyCoffee.app */;
			productType = "com.apple.product-type.application";
		};
/* End PBXNativeTarget section */

/* Begin PBXProject section */
		9490DD0B230566A7006A03E8 /* Project object */ = {
			isa = PBXProject;
			attributes = {
				LastSwiftUpdateCheck = 1030;
				LastUpgradeCheck = 1030;
				ORGANIZATIONNAME = Daylighter;
				TargetAttributes = {
					9490DD12230566A7006A03E8 = {
						CreatedOnToolsVersion = 10.3;
					};
				};
			};
			buildConfigurationList = 9490DD0E230566A7006A03E8 /* Build configuration list for PBXProject "CleanBuddyCoffee" */;
			compatibilityVersion = "Xcode 9.3";
			developmentRegion = en;
			hasScannedForEncodings = 0;
			knownRegions = (
				en,
				Base,
			);
			mainGroup = 9490DD0A230566A7006A03E8;
			productRefGroup = 9490DD14230566A7006A03E8 /* Products */;
			projectDirPath = "";
			projectRoot = "";
			targets = (
				9490DD12230566A7006A03E8 /* CleanBuddyCoffee */,
			);
		};
/* End PBXProject section */

/* Begin PBXResourcesBuildPhase section */
		9490DD11230566A7006A03E8 /* Resources */ = {
			isa = PBXResourcesBuildPhase;
			buildActionMask = 2147483647;
			files = (
				9451814123140E2600E1706D /* DrinkDetail.storyboard in Resources */,
				9451814423140E4200E1706D /* SetAddressOnMap.storyboard in Resources */,
				9451814023140E1C00E1706D /* ListDrinks.storyboard in Resources */,
				9451814323140E3200E1706D /* DeliveryAddress.storyboard in Resources */,
				9451813E23140DB000E1706D /* LaunchScreen.storyboard in Resources */,
				9451813D23140DA900E1706D /* Assets.xcassets in Resources */,
				9451813C23140D9000E1706D /* GoogleService-Info.plist in Resources */,
				A4A4F5D9231434690033C5AF /* UserManagement.storyboard in Resources */,
				9451814223140E2D00E1706D /* Cart.storyboard in Resources */,
			);
			runOnlyForDeploymentPostprocessing = 0;
		};
/* End PBXResourcesBuildPhase section */

/* Begin PBXShellScriptBuildPhase section */
		28609CAF0E2058B61F1F39CE /* [CP] Embed Pods Frameworks */ = {
			isa = PBXShellScriptBuildPhase;
			buildActionMask = 2147483647;
			files = (
			);
			inputFileListPaths = (
				"${PODS_ROOT}/Target Support Files/Pods-CleanBuddyCoffee/Pods-CleanBuddyCoffee-frameworks-${CONFIGURATION}-input-files.xcfilelist",
			);
			name = "[CP] Embed Pods Frameworks";
			outputFileListPaths = (
				"${PODS_ROOT}/Target Support Files/Pods-CleanBuddyCoffee/Pods-CleanBuddyCoffee-frameworks-${CONFIGURATION}-output-files.xcfilelist",
			);
			runOnlyForDeploymentPostprocessing = 0;
			shellPath = /bin/sh;
			shellScript = "\"${PODS_ROOT}/Target Support Files/Pods-CleanBuddyCoffee/Pods-CleanBuddyCoffee-frameworks.sh\"\n";
			showEnvVarsInLog = 0;
		};
		A5BB0638363CA8543AF67E67 /* [CP] Check Pods Manifest.lock */ = {
			isa = PBXShellScriptBuildPhase;
			buildActionMask = 2147483647;
			files = (
			);
			inputFileListPaths = (
			);
			inputPaths = (
				"${PODS_PODFILE_DIR_PATH}/Podfile.lock",
				"${PODS_ROOT}/Manifest.lock",
			);
			name = "[CP] Check Pods Manifest.lock";
			outputFileListPaths = (
			);
			outputPaths = (
				"$(DERIVED_FILE_DIR)/Pods-CleanBuddyCoffee-checkManifestLockResult.txt",
			);
			runOnlyForDeploymentPostprocessing = 0;
			shellPath = /bin/sh;
			shellScript = "diff \"${PODS_PODFILE_DIR_PATH}/Podfile.lock\" \"${PODS_ROOT}/Manifest.lock\" > /dev/null\nif [ $? != 0 ] ; then\n    # print error to STDERR\n    echo \"error: The sandbox is not in sync with the Podfile.lock. Run 'pod install' or update your CocoaPods installation.\" >&2\n    exit 1\nfi\n# This output is used by Xcode 'outputs' to avoid re-running this script phase.\necho \"SUCCESS\" > \"${SCRIPT_OUTPUT_FILE_0}\"\n";
			showEnvVarsInLog = 0;
		};
/* End PBXShellScriptBuildPhase section */

/* Begin PBXSourcesBuildPhase section */
		9490DD0F230566A7006A03E8 /* Sources */ = {
			isa = PBXSourcesBuildPhase;
			buildActionMask = 2147483647;
			files = (
				9490DD17230566A7006A03E8 /* AppDelegate.swift in Sources */,
				9490DD3E23056F4C006A03E8 /* ListDrinksPresenter.swift in Sources */,
				94DC72D3230FD8AF006E814E /* DeliveryAddressViewController.swift in Sources */,
				94DC72E0230FD8E4006E814E /* UITextField+Extensions.swift in Sources */,
				94DC72D5230FD8AF006E814E /* DeliveryAddressConfigurator.swift in Sources */,
				A4A4F5E723143A0C0033C5AF /* UserManagementViewOutput.swift in Sources */,
				9490DD4223056F4C006A03E8 /* ListDrinksConfigurator.swift in Sources */,
				94DC72A6230FD688006E814E /* SetAddressOnMapRouterInput.swift in Sources */,
				940D466E230AD20D00F20C22 /* CartInteractorOutput.swift in Sources */,
				A42117932309A40B00792F47 /* DrinkDetailModel.swift in Sources */,
				9490DD4823056F4C006A03E8 /* ListDrinksRouter.swift in Sources */,
				941847B62313DC9100C94FB6 /* AppBuilderDelegate.swift in Sources */,
				94DC72A0230FD688006E814E /* SetAddressOnMapConfigurator.swift in Sources */,
				94DC72AD230FD752006E814E /* CartItem.swift in Sources */,
				A4A4F5F323143A750033C5AF /* UserManagementRouterInput.swift in Sources */,
				94B58B572313FE9C00534D7C /* CoreDataStore.swift in Sources */,
				9490DD3F23056F4C006A03E8 /* ListDrinksViewOutput.swift in Sources */,
				9490DD3D23056F4C006A03E8 /* ListDrinksModuleInput.swift in Sources */,
				940D4665230AD1D700F20C22 /* CartConfigurator.swift in Sources */,
				94DC72B8230FD7A7006E814E /* RemoteServiceProtocol.swift in Sources */,
				A4A4F5F123143A690033C5AF /* UserManagementRouter.swift in Sources */,
				94DC729F230FD688006E814E /* SetAddressOnMapViewInput.swift in Sources */,
				9490DD4023056F4C006A03E8 /* ListDrinksViewInput.swift in Sources */,
				940D466D230AD20B00F20C22 /* CartInteractorInput.swift in Sources */,
				940D4669230AD1FE00F20C22 /* CartViewOutput.swift in Sources */,
				940D466B230AD20200F20C22 /* CartPresenter.swift in Sources */,
				9490DD5923057411006A03E8 /* ListDrinksModel.swift in Sources */,
				94DC72E2230FD8F7006E814E /* Validators.swift in Sources */,
				9490DD4423056F4C006A03E8 /* ListDrinksInteractorInput.swift in Sources */,
				94DC72A7230FD688006E814E /* SetAddressOnMapRouter.swift in Sources */,
				9490DD4123056F4C006A03E8 /* ListDrinksViewController.swift in Sources */,
				A48CC2522305AE240057000E /* DrinkTableViewCell.swift in Sources */,
				9490DD4723056F4C006A03E8 /* ListDrinksRouterInput.swift in Sources */,
				94DC72AC230FD752006E814E /* LocalService.swift in Sources */,
				94DC729D230FD688006E814E /* SetAddressOnMapViewOutput.swift in Sources */,
				940D4670230AD21200F20C22 /* CartRouterInput.swift in Sources */,
				A4A4F5E923143A250033C5AF /* UserManagementConfigurator.swift in Sources */,
				94DC729C230FD688006E814E /* SetAddressOnMapPresenter.swift in Sources */,
				94DC72CF230FD8AF006E814E /* DeliveryAddressModel.swift in Sources */,
				9490DD52230570B9006A03E8 /* AppBuilder.swift in Sources */,
				94DC72A3230FD688006E814E /* SetAddressOnMapInteractorOutput.swift in Sources */,
				A4A4F5E5231439EC0033C5AF /* UserManagementViewInput.swift in Sources */,
				9490DD4523056F4C006A03E8 /* ListDrinksInteractorOutput.swift in Sources */,
				94DC72D0230FD8AF006E814E /* DeliveryAddressPresenter.swift in Sources */,
				94DC729E230FD688006E814E /* SetAddressOnMapViewController.swift in Sources */,
				9451814823140EC600E1706D /* Order+CoreDataProperties.swift in Sources */,
				9490DD4623056F4C006A03E8 /* ListDrinksInteractor.swift in Sources */,
				A4A4F5E3231439D40033C5AF /* UserManagementPresenter.swift in Sources */,
				A4A4F5D423142DDF0033C5AF /* CoreDataStoreProtocol.swift in Sources */,
				94DC72E9230FD947006E814E /* UIViewController+Extensions.swift in Sources */,
				C51D7D262824518E3EA989F5 /* DrinkDetailViewInput.swift in Sources */,
				940D466C230AD20900F20C22 /* CartInteractor.swift in Sources */,
				5720E4CB83647619A0E80E6D /* DrinkDetailViewOutput.swift in Sources */,
				940D4667230AD1E100F20C22 /* CartViewController.swift in Sources */,
				9451814623140E9B00E1706D /* Order+CoreDataClass.swift in Sources */,
				723A4AA4ED8F37F77DBCFC76 /* DrinkDetailViewController.swift in Sources */,
				A4A4F5EB23143A3A0033C5AF /* UserManagementInteractor.swift in Sources */,
				94DC72D2230FD8AF006E814E /* DeliveryAddressViewInput.swift in Sources */,
				94DC72A2230FD688006E814E /* SetAddressOnMapInteractor.swift in Sources */,
				94DC72A4230FD688006E814E /* SetAddressOnMapInteractorInput.swift in Sources */,
				A4A4F5DD2314378A0033C5AF /* UserManagementViewController.swift in Sources */,
				94DC72E6230FD907006E814E /* AddressTextView.swift in Sources */,
				941847B42313C67600C94FB6 /* ModuleDependency.swift in Sources */,
				67F9DC57B9BFB05B83795F91 /* DrinkDetailModuleInput.swift in Sources */,
				940D4672230AD47E00F20C22 /* CartItemCell.swift in Sources */,
				7F96B71F1887090F837D97A2 /* DrinkDetailPresenter.swift in Sources */,
				940D466F230AD21000F20C22 /* CartRouter.swift in Sources */,
				B485A6305376104DEDEFC7A0 /* DrinkDetailInteractorInput.swift in Sources */,
				2B8E25F40D3767D75138AC81 /* DrinkDetailInteractorOutput.swift in Sources */,
				940D4668230AD1FC00F20C22 /* CartViewInput.swift in Sources */,
				94DC72DB230FD8AF006E814E /* DeliveryAddressRouter.swift in Sources */,
				94DC72DA230FD8AF006E814E /* DeliveryAddressRouterInput.swift in Sources */,
				94DC7352231004A0006E814E /* OrderCoreDataModel.xcdatamodeld in Sources */,
				94DC72D7230FD8AF006E814E /* DeliveryAddressInteractorOutput.swift in Sources */,
				94DC72D9230FD8AF006E814E /* DeliveryAddressInteractor.swift in Sources */,
				94DC72D8230FD8AF006E814E /* DeliveryAddressInteractorInput.swift in Sources */,
				4072A5EBB532D9EC331F32B0 /* DrinkDetailInteractor.swift in Sources */,
				6713A557F798F29B299F1136 /* DrinkDetailRouterInput.swift in Sources */,
				5252E2A31C726B0C806590A4 /* DrinkDetailRouter.swift in Sources */,
				94DC72DF230FD8E4006E814E /* UITextView+Extensions.swift in Sources */,
				94DC72D4230FD8AF006E814E /* DeliveryAddressViewOutput.swift in Sources */,
				DCDA4FD5508D83AF4EF11051 /* DrinkDetailConfigurator.swift in Sources */,
				94DC72AE230FD752006E814E /* LocalServiceProtocol.swift in Sources */,
				94DC72B9230FD7A7006E814E /* RemoteService.swift in Sources */,
				A4A4F5ED23143A4C0033C5AF /* UserManagementInteractorInput.swift in Sources */,
				A4A4F5EF23143A5A0033C5AF /* UserManagementInteractorOutput.swift in Sources */,
			);
			runOnlyForDeploymentPostprocessing = 0;
		};
/* End PBXSourcesBuildPhase section */

/* Begin PBXVariantGroup section */
		9490DD1F230566A8006A03E8 /* LaunchScreen.storyboard */ = {
			isa = PBXVariantGroup;
			children = (
				9490DD20230566A8006A03E8 /* Base */,
			);
			name = LaunchScreen.storyboard;
			sourceTree = "<group>";
		};
/* End PBXVariantGroup section */

/* Begin XCBuildConfiguration section */
		9490DD23230566A8006A03E8 /* Debug */ = {
			isa = XCBuildConfiguration;
			buildSettings = {
				ALWAYS_SEARCH_USER_PATHS = NO;
				CLANG_ANALYZER_NONNULL = YES;
				CLANG_ANALYZER_NUMBER_OBJECT_CONVERSION = YES_AGGRESSIVE;
				CLANG_CXX_LANGUAGE_STANDARD = "gnu++14";
				CLANG_CXX_LIBRARY = "libc++";
				CLANG_ENABLE_MODULES = YES;
				CLANG_ENABLE_OBJC_ARC = YES;
				CLANG_ENABLE_OBJC_WEAK = YES;
				CLANG_WARN_BLOCK_CAPTURE_AUTORELEASING = YES;
				CLANG_WARN_BOOL_CONVERSION = YES;
				CLANG_WARN_COMMA = YES;
				CLANG_WARN_CONSTANT_CONVERSION = YES;
				CLANG_WARN_DEPRECATED_OBJC_IMPLEMENTATIONS = YES;
				CLANG_WARN_DIRECT_OBJC_ISA_USAGE = YES_ERROR;
				CLANG_WARN_DOCUMENTATION_COMMENTS = YES;
				CLANG_WARN_EMPTY_BODY = YES;
				CLANG_WARN_ENUM_CONVERSION = YES;
				CLANG_WARN_INFINITE_RECURSION = YES;
				CLANG_WARN_INT_CONVERSION = YES;
				CLANG_WARN_NON_LITERAL_NULL_CONVERSION = YES;
				CLANG_WARN_OBJC_IMPLICIT_RETAIN_SELF = YES;
				CLANG_WARN_OBJC_LITERAL_CONVERSION = YES;
				CLANG_WARN_OBJC_ROOT_CLASS = YES_ERROR;
				CLANG_WARN_RANGE_LOOP_ANALYSIS = YES;
				CLANG_WARN_STRICT_PROTOTYPES = YES;
				CLANG_WARN_SUSPICIOUS_MOVE = YES;
				CLANG_WARN_UNGUARDED_AVAILABILITY = YES_AGGRESSIVE;
				CLANG_WARN_UNREACHABLE_CODE = YES;
				CLANG_WARN__DUPLICATE_METHOD_MATCH = YES;
				CODE_SIGN_IDENTITY = "iPhone Developer";
				COPY_PHASE_STRIP = NO;
				DEBUG_INFORMATION_FORMAT = dwarf;
				ENABLE_STRICT_OBJC_MSGSEND = YES;
				ENABLE_TESTABILITY = YES;
				GCC_C_LANGUAGE_STANDARD = gnu11;
				GCC_DYNAMIC_NO_PIC = NO;
				GCC_NO_COMMON_BLOCKS = YES;
				GCC_OPTIMIZATION_LEVEL = 0;
				GCC_PREPROCESSOR_DEFINITIONS = (
					"DEBUG=1",
					"$(inherited)",
				);
				GCC_WARN_64_TO_32_BIT_CONVERSION = YES;
				GCC_WARN_ABOUT_RETURN_TYPE = YES_ERROR;
				GCC_WARN_UNDECLARED_SELECTOR = YES;
				GCC_WARN_UNINITIALIZED_AUTOS = YES_AGGRESSIVE;
				GCC_WARN_UNUSED_FUNCTION = YES;
				GCC_WARN_UNUSED_VARIABLE = YES;
				IPHONEOS_DEPLOYMENT_TARGET = 12.4;
				MTL_ENABLE_DEBUG_INFO = INCLUDE_SOURCE;
				MTL_FAST_MATH = YES;
				ONLY_ACTIVE_ARCH = YES;
				SDKROOT = iphoneos;
				SWIFT_ACTIVE_COMPILATION_CONDITIONS = DEBUG;
				SWIFT_OPTIMIZATION_LEVEL = "-Onone";
			};
			name = Debug;
		};
		9490DD24230566A8006A03E8 /* Release */ = {
			isa = XCBuildConfiguration;
			buildSettings = {
				ALWAYS_SEARCH_USER_PATHS = NO;
				CLANG_ANALYZER_NONNULL = YES;
				CLANG_ANALYZER_NUMBER_OBJECT_CONVERSION = YES_AGGRESSIVE;
				CLANG_CXX_LANGUAGE_STANDARD = "gnu++14";
				CLANG_CXX_LIBRARY = "libc++";
				CLANG_ENABLE_MODULES = YES;
				CLANG_ENABLE_OBJC_ARC = YES;
				CLANG_ENABLE_OBJC_WEAK = YES;
				CLANG_WARN_BLOCK_CAPTURE_AUTORELEASING = YES;
				CLANG_WARN_BOOL_CONVERSION = YES;
				CLANG_WARN_COMMA = YES;
				CLANG_WARN_CONSTANT_CONVERSION = YES;
				CLANG_WARN_DEPRECATED_OBJC_IMPLEMENTATIONS = YES;
				CLANG_WARN_DIRECT_OBJC_ISA_USAGE = YES_ERROR;
				CLANG_WARN_DOCUMENTATION_COMMENTS = YES;
				CLANG_WARN_EMPTY_BODY = YES;
				CLANG_WARN_ENUM_CONVERSION = YES;
				CLANG_WARN_INFINITE_RECURSION = YES;
				CLANG_WARN_INT_CONVERSION = YES;
				CLANG_WARN_NON_LITERAL_NULL_CONVERSION = YES;
				CLANG_WARN_OBJC_IMPLICIT_RETAIN_SELF = YES;
				CLANG_WARN_OBJC_LITERAL_CONVERSION = YES;
				CLANG_WARN_OBJC_ROOT_CLASS = YES_ERROR;
				CLANG_WARN_RANGE_LOOP_ANALYSIS = YES;
				CLANG_WARN_STRICT_PROTOTYPES = YES;
				CLANG_WARN_SUSPICIOUS_MOVE = YES;
				CLANG_WARN_UNGUARDED_AVAILABILITY = YES_AGGRESSIVE;
				CLANG_WARN_UNREACHABLE_CODE = YES;
				CLANG_WARN__DUPLICATE_METHOD_MATCH = YES;
				CODE_SIGN_IDENTITY = "iPhone Developer";
				COPY_PHASE_STRIP = NO;
				DEBUG_INFORMATION_FORMAT = "dwarf-with-dsym";
				ENABLE_NS_ASSERTIONS = NO;
				ENABLE_STRICT_OBJC_MSGSEND = YES;
				GCC_C_LANGUAGE_STANDARD = gnu11;
				GCC_NO_COMMON_BLOCKS = YES;
				GCC_WARN_64_TO_32_BIT_CONVERSION = YES;
				GCC_WARN_ABOUT_RETURN_TYPE = YES_ERROR;
				GCC_WARN_UNDECLARED_SELECTOR = YES;
				GCC_WARN_UNINITIALIZED_AUTOS = YES_AGGRESSIVE;
				GCC_WARN_UNUSED_FUNCTION = YES;
				GCC_WARN_UNUSED_VARIABLE = YES;
				IPHONEOS_DEPLOYMENT_TARGET = 12.4;
				MTL_ENABLE_DEBUG_INFO = NO;
				MTL_FAST_MATH = YES;
				SDKROOT = iphoneos;
				SWIFT_COMPILATION_MODE = wholemodule;
				SWIFT_OPTIMIZATION_LEVEL = "-O";
				VALIDATE_PRODUCT = YES;
			};
			name = Release;
		};
		9490DD26230566A8006A03E8 /* Debug */ = {
			isa = XCBuildConfiguration;
			baseConfigurationReference = 0A1A68DE6F5C05FEDB57D5C8 /* Pods-CleanBuddyCoffee.debug.xcconfig */;
			buildSettings = {
				ASSETCATALOG_COMPILER_APPICON_NAME = AppIcon;
				CODE_SIGN_STYLE = Automatic;
				DEVELOPMENT_TEAM = 25YD4528FX;
				INFOPLIST_FILE = CleanBuddyCoffee/Info.plist;
				LD_RUNPATH_SEARCH_PATHS = (
					"$(inherited)",
					"@executable_path/Frameworks",
				);
				PRODUCT_BUNDLE_IDENTIFIER = com.daylighter.life.CleanBuddyCoffee;
				PRODUCT_NAME = "$(TARGET_NAME)";
				SWIFT_VERSION = 5.0;
				TARGETED_DEVICE_FAMILY = "1,2";
			};
			name = Debug;
		};
		9490DD27230566A8006A03E8 /* Release */ = {
			isa = XCBuildConfiguration;
			baseConfigurationReference = 68639226B61F5F192142EB2E /* Pods-CleanBuddyCoffee.release.xcconfig */;
			buildSettings = {
				ASSETCATALOG_COMPILER_APPICON_NAME = AppIcon;
				CODE_SIGN_STYLE = Automatic;
				DEVELOPMENT_TEAM = 25YD4528FX;
				INFOPLIST_FILE = CleanBuddyCoffee/Info.plist;
				LD_RUNPATH_SEARCH_PATHS = (
					"$(inherited)",
					"@executable_path/Frameworks",
				);
				PRODUCT_BUNDLE_IDENTIFIER = com.daylighter.life.CleanBuddyCoffee;
				PRODUCT_NAME = "$(TARGET_NAME)";
				SWIFT_VERSION = 5.0;
				TARGETED_DEVICE_FAMILY = "1,2";
			};
			name = Release;
		};
/* End XCBuildConfiguration section */

/* Begin XCConfigurationList section */
		9490DD0E230566A7006A03E8 /* Build configuration list for PBXProject "CleanBuddyCoffee" */ = {
			isa = XCConfigurationList;
			buildConfigurations = (
				9490DD23230566A8006A03E8 /* Debug */,
				9490DD24230566A8006A03E8 /* Release */,
			);
			defaultConfigurationIsVisible = 0;
			defaultConfigurationName = Release;
		};
		9490DD25230566A8006A03E8 /* Build configuration list for PBXNativeTarget "CleanBuddyCoffee" */ = {
			isa = XCConfigurationList;
			buildConfigurations = (
				9490DD26230566A8006A03E8 /* Debug */,
				9490DD27230566A8006A03E8 /* Release */,
			);
			defaultConfigurationIsVisible = 0;
			defaultConfigurationName = Release;
		};
/* End XCConfigurationList section */

/* Begin XCVersionGroup section */
		94DC7350231004A0006E814E /* OrderCoreDataModel.xcdatamodeld */ = {
			isa = XCVersionGroup;
			children = (
				94DC7351231004A0006E814E /* OrderCoreDataModel.xcdatamodel */,
			);
			currentVersion = 94DC7351231004A0006E814E /* OrderCoreDataModel.xcdatamodel */;
			path = OrderCoreDataModel.xcdatamodeld;
			sourceTree = "<group>";
			versionGroupType = wrapper.xcdatamodel;
		};
/* End XCVersionGroup section */
	};
	rootObject = 9490DD0B230566A7006A03E8 /* Project object */;
}
